// !$*UTF8*$!
{
	archiveVersion = 1;
	classes = {
	};
	objectVersion = 50;
	objects = {

/* Begin PBXBuildFile section */
		661FC5BE26E890E200B33983 /* AppDelegate.swift in Sources */ = {isa = PBXBuildFile; fileRef = 661FC5BD26E890E200B33983 /* AppDelegate.swift */; };
		661FC5C226E890E200B33983 /* WelcomeViewController.swift in Sources */ = {isa = PBXBuildFile; fileRef = 661FC5C126E890E200B33983 /* WelcomeViewController.swift */; };
		661FC5C726E890E300B33983 /* Assets.xcassets in Resources */ = {isa = PBXBuildFile; fileRef = 661FC5C626E890E300B33983 /* Assets.xcassets */; };
		661FC5CA26E890E300B33983 /* LaunchScreen.storyboard in Resources */ = {isa = PBXBuildFile; fileRef = 661FC5C826E890E300B33983 /* LaunchScreen.storyboard */; };
		661FC5D226E890FF00B33983 /* User.swift in Sources */ = {isa = PBXBuildFile; fileRef = 661FC5D126E890FF00B33983 /* User.swift */; };
		661FC5D426E8936500B33983 /* LinkBuilder.swift in Sources */ = {isa = PBXBuildFile; fileRef = 661FC5D326E8936500B33983 /* LinkBuilder.swift */; };
		66230C8B26E899C2003DFD41 /* WebManager.swift in Sources */ = {isa = PBXBuildFile; fileRef = 66230C8A26E899C2003DFD41 /* WebManager.swift */; };
		66230C8E26E8A32C003DFD41 /* BaseViewController.swift in Sources */ = {isa = PBXBuildFile; fileRef = 66230C8D26E8A32C003DFD41 /* BaseViewController.swift */; };
		66230C9026E8A3F7003DFD41 /* AppButton.swift in Sources */ = {isa = PBXBuildFile; fileRef = 66230C8F26E8A3F7003DFD41 /* AppButton.swift */; };
		66230C9426E8ABA6003DFD41 /* PreferenceManager.swift in Sources */ = {isa = PBXBuildFile; fileRef = 66230C9326E8ABA6003DFD41 /* PreferenceManager.swift */; };
		66230C9626E8ADE2003DFD41 /* WebLoginViewController.swift in Sources */ = {isa = PBXBuildFile; fileRef = 66230C9526E8ADE2003DFD41 /* WebLoginViewController.swift */; };
		66230C9826E8BFB5003DFD41 /* LoadingViewController.swift in Sources */ = {isa = PBXBuildFile; fileRef = 66230C9726E8BFB5003DFD41 /* LoadingViewController.swift */; };
		66230C9B26E8CC39003DFD41 /* TaskManager.swift in Sources */ = {isa = PBXBuildFile; fileRef = 66230C9A26E8CC39003DFD41 /* TaskManager.swift */; };
		66230C9E26E8DB93003DFD41 /* AlertViewController.swift in Sources */ = {isa = PBXBuildFile; fileRef = 66230C9D26E8DB93003DFD41 /* AlertViewController.swift */; };
		66230CA026E8DDDC003DFD41 /* ErrorAlertController.swift in Sources */ = {isa = PBXBuildFile; fileRef = 66230C9F26E8DDDC003DFD41 /* ErrorAlertController.swift */; };
		66230CA426E8EA25003DFD41 /* MainViewController.swift in Sources */ = {isa = PBXBuildFile; fileRef = 66230CA326E8EA25003DFD41 /* MainViewController.swift */; };
		66230CA726E8FFAF003DFD41 /* Course.swift in Sources */ = {isa = PBXBuildFile; fileRef = 66230CA626E8FFAF003DFD41 /* Course.swift */; };
		66230CA926E9DF43003DFD41 /* BackHeader.swift in Sources */ = {isa = PBXBuildFile; fileRef = 66230CA826E9DF43003DFD41 /* BackHeader.swift */; };
		66230CAB26E9E171003DFD41 /* LoadingLoginView.swift in Sources */ = {isa = PBXBuildFile; fileRef = 66230CAA26E9E171003DFD41 /* LoadingLoginView.swift */; };
		66230CB526E9E513003DFD41 /* CircleLoader.swift in Sources */ = {isa = PBXBuildFile; fileRef = 66230CAE26E9E512003DFD41 /* CircleLoader.swift */; };
		66230CBA26E9E513003DFD41 /* Loader.swift in Sources */ = {isa = PBXBuildFile; fileRef = 66230CB326E9E513003DFD41 /* Loader.swift */; };
		66230CBC26E9F8F1003DFD41 /* Category.swift in Sources */ = {isa = PBXBuildFile; fileRef = 66230CBB26E9F8F1003DFD41 /* Category.swift */; };
		66230CBF26E9FBD9003DFD41 /* CourseParser.swift in Sources */ = {isa = PBXBuildFile; fileRef = 66230CBE26E9FBD9003DFD41 /* CourseParser.swift */; };
		66230CC126E9FD9A003DFD41 /* CategoryParser.swift in Sources */ = {isa = PBXBuildFile; fileRef = 66230CC026E9FD9A003DFD41 /* CategoryParser.swift */; };
		66230CC326EA2625003DFD41 /* UserParser.swift in Sources */ = {isa = PBXBuildFile; fileRef = 66230CC226EA2625003DFD41 /* UserParser.swift */; };
		66230CC526EA2974003DFD41 /* FatalErrorViewController.swift in Sources */ = {isa = PBXBuildFile; fileRef = 66230CC426EA2974003DFD41 /* FatalErrorViewController.swift */; };
		6634789026EC87D600B63527 /* StringExtension.swift in Sources */ = {isa = PBXBuildFile; fileRef = 6634788F26EC87D600B63527 /* StringExtension.swift */; };
		6634789226EC889A00B63527 /* FloatingTextField.swift in Sources */ = {isa = PBXBuildFile; fileRef = 6634789126EC889A00B63527 /* FloatingTextField.swift */; };
		6634789426EC973400B63527 /* ModuleCollectionViewCell.swift in Sources */ = {isa = PBXBuildFile; fileRef = 6634789326EC973400B63527 /* ModuleCollectionViewCell.swift */; };
		6634789726EC989200B63527 /* SectionTitleCollectionReusableView.swift in Sources */ = {isa = PBXBuildFile; fileRef = 6634789626EC989200B63527 /* SectionTitleCollectionReusableView.swift */; };
		6634789A26ECACB600B63527 /* FolderViewController.swift in Sources */ = {isa = PBXBuildFile; fileRef = 6634789926ECACB600B63527 /* FolderViewController.swift */; };
		6634789C26ECDA2D00B63527 /* Downloader.swift in Sources */ = {isa = PBXBuildFile; fileRef = 6634789B26ECDA2D00B63527 /* Downloader.swift */; };
		6634789F26ECEE5000B63527 /* SegmentTableViewCell.swift in Sources */ = {isa = PBXBuildFile; fileRef = 6634789E26ECEE5000B63527 /* SegmentTableViewCell.swift */; };
		663478A126ED059C00B63527 /* FolderCollectionViewCell.swift in Sources */ = {isa = PBXBuildFile; fileRef = 663478A026ED059C00B63527 /* FolderCollectionViewCell.swift */; };
		663478A326ED05B000B63527 /* FileCollectionViewCell.swift in Sources */ = {isa = PBXBuildFile; fileRef = 663478A226ED05B000B63527 /* FileCollectionViewCell.swift */; };
		663478A526ED176300B63527 /* ForumViewController.swift in Sources */ = {isa = PBXBuildFile; fileRef = 663478A426ED176300B63527 /* ForumViewController.swift */; };
		663478A726ED233700B63527 /* FileViewerViewController.swift in Sources */ = {isa = PBXBuildFile; fileRef = 663478A626ED233700B63527 /* FileViewerViewController.swift */; };
		663478A926ED275500B63527 /* SearchCourseParser.swift in Sources */ = {isa = PBXBuildFile; fileRef = 663478A826ED275500B63527 /* SearchCourseParser.swift */; };
		663478AB26ED372700B63527 /* FileOptionBottomSheet.swift in Sources */ = {isa = PBXBuildFile; fileRef = 663478AA26ED372700B63527 /* FileOptionBottomSheet.swift */; };
		663478AD26ED40F400B63527 /* OfflineFileCollectionViewCell.swift in Sources */ = {isa = PBXBuildFile; fileRef = 663478AC26ED40F400B63527 /* OfflineFileCollectionViewCell.swift */; };
		663478AF26ED415400B63527 /* OfflineFile.swift in Sources */ = {isa = PBXBuildFile; fileRef = 663478AE26ED415400B63527 /* OfflineFile.swift */; };
		663478B226ED438E00B63527 /* DeviceFileManager.swift in Sources */ = {isa = PBXBuildFile; fileRef = 663478B126ED438E00B63527 /* DeviceFileManager.swift */; };
		663478B426EDD45D00B63527 /* ModuleLabel.swift in Sources */ = {isa = PBXBuildFile; fileRef = 663478B326EDD45D00B63527 /* ModuleLabel.swift */; };
		663478B626EDEBF900B63527 /* SwitchTableViewCell.swift in Sources */ = {isa = PBXBuildFile; fileRef = 663478B526EDEBF900B63527 /* SwitchTableViewCell.swift */; };
		663478B926EE01BB00B63527 /* ModuleResource.swift in Sources */ = {isa = PBXBuildFile; fileRef = 663478B826EE01BB00B63527 /* ModuleResource.swift */; };
		663478BB26EE03EF00B63527 /* ResourceContent.swift in Sources */ = {isa = PBXBuildFile; fileRef = 663478BA26EE03EF00B63527 /* ResourceContent.swift */; };
		663478BD26EE06F200B63527 /* ModuleContent.swift in Sources */ = {isa = PBXBuildFile; fileRef = 663478BC26EE06F200B63527 /* ModuleContent.swift */; };
		663478BF26EE2EDD00B63527 /* FileOpenAction.swift in Sources */ = {isa = PBXBuildFile; fileRef = 663478BE26EE2EDD00B63527 /* FileOpenAction.swift */; };
		6641909B26EA378100A08308 /* SettingsViewController.swift in Sources */ = {isa = PBXBuildFile; fileRef = 6641909A26EA378100A08308 /* SettingsViewController.swift */; };
		6641909D26EA38EA00A08308 /* UserInfoView.swift in Sources */ = {isa = PBXBuildFile; fileRef = 6641909C26EA38EA00A08308 /* UserInfoView.swift */; };
		6641909F26EA4F5500A08308 /* SquareImageButton.swift in Sources */ = {isa = PBXBuildFile; fileRef = 6641909E26EA4F5500A08308 /* SquareImageButton.swift */; };
		664190A126EA53DD00A08308 /* HomeHeader.swift in Sources */ = {isa = PBXBuildFile; fileRef = 664190A026EA53DD00A08308 /* HomeHeader.swift */; };
		664190A326EA67E800A08308 /* CoursesViewController.swift in Sources */ = {isa = PBXBuildFile; fileRef = 664190A226EA67E800A08308 /* CoursesViewController.swift */; };
		664190A526EA68E900A08308 /* SearchViewController.swift in Sources */ = {isa = PBXBuildFile; fileRef = 664190A426EA68E900A08308 /* SearchViewController.swift */; };
		664190A726EA68FD00A08308 /* DownloadViewController.swift in Sources */ = {isa = PBXBuildFile; fileRef = 664190A626EA68FD00A08308 /* DownloadViewController.swift */; };
		664190AA26EA775300A08308 /* TabBarCollectionViewCell.swift in Sources */ = {isa = PBXBuildFile; fileRef = 664190A926EA775300A08308 /* TabBarCollectionViewCell.swift */; };
		664190AD26EA77C200A08308 /* UIColorExtension.swift in Sources */ = {isa = PBXBuildFile; fileRef = 664190AC26EA77C200A08308 /* UIColorExtension.swift */; };
		664190AF26EA8C7B00A08308 /* TagView.swift in Sources */ = {isa = PBXBuildFile; fileRef = 664190AE26EA8C7B00A08308 /* TagView.swift */; };
		664190B126EA8DBE00A08308 /* CourseCollectionViewCell.swift in Sources */ = {isa = PBXBuildFile; fileRef = 664190B026EA8DBE00A08308 /* CourseCollectionViewCell.swift */; };
		664190B526EA9FFF00A08308 /* UIViewControllerExtension.swift in Sources */ = {isa = PBXBuildFile; fileRef = 664190B426EA9FFF00A08308 /* UIViewControllerExtension.swift */; };
		664744B326F2476000815030 /* ForumCollectionViewCell.swift in Sources */ = {isa = PBXBuildFile; fileRef = 664744B226F2476000815030 /* ForumCollectionViewCell.swift */; };
		664CFBD026F33DCF0066CC08 /* WebpageBuilder.swift in Sources */ = {isa = PBXBuildFile; fileRef = 664CFBCF26F33DCF0066CC08 /* WebpageBuilder.swift */; };
		664CFBD226F33FB90066CC08 /* ForumContentViewController.swift in Sources */ = {isa = PBXBuildFile; fileRef = 664CFBD126F33FB90066CC08 /* ForumContentViewController.swift */; };
		664CFBD426F345D50066CC08 /* ForumPostsParser.swift in Sources */ = {isa = PBXBuildFile; fileRef = 664CFBD326F345D50066CC08 /* ForumPostsParser.swift */; };
		66623A3626EF8376000B94B9 /* OfflineFolderCollectionViewCell.swift in Sources */ = {isa = PBXBuildFile; fileRef = 66623A3526EF8376000B94B9 /* OfflineFolderCollectionViewCell.swift */; };
		66623A3826EFA02A000B94B9 /* NotificationParser.swift in Sources */ = {isa = PBXBuildFile; fileRef = 66623A3726EFA02A000B94B9 /* NotificationParser.swift */; };
		66623A3A26EFA1AB000B94B9 /* Notification.swift in Sources */ = {isa = PBXBuildFile; fileRef = 66623A3926EFA1AB000B94B9 /* Notification.swift */; };
		66623A3C26EFA396000B94B9 /* NotificationCollectionViewCell.swift in Sources */ = {isa = PBXBuildFile; fileRef = 66623A3B26EFA396000B94B9 /* NotificationCollectionViewCell.swift */; };
		66623A3E26EFA591000B94B9 /* NotificationViewController.swift in Sources */ = {isa = PBXBuildFile; fileRef = 66623A3D26EFA591000B94B9 /* NotificationViewController.swift */; };
		6666D85C26F1CB210078BCE2 /* TokenAlertViewController.swift in Sources */ = {isa = PBXBuildFile; fileRef = 6666D85B26F1CB210078BCE2 /* TokenAlertViewController.swift */; };
		6686440926F1456C00C0EB3C /* DividerView.swift in Sources */ = {isa = PBXBuildFile; fileRef = 6686440826F1456C00C0EB3C /* DividerView.swift */; };
		66BF8E0426FC7BB4005D902D /* Localizable.strings in Resources */ = {isa = PBXBuildFile; fileRef = 66BF8E0626FC7BB4005D902D /* Localizable.strings */; };
		66D4602826EBE141003C4682 /* BeePNotificationViewController.swift in Sources */ = {isa = PBXBuildFile; fileRef = 66D4602726EBE141003C4682 /* BeePNotificationViewController.swift */; };
		66D4602A26EBE43A003C4682 /* ForumParser.swift in Sources */ = {isa = PBXBuildFile; fileRef = 66D4602926EBE43A003C4682 /* ForumParser.swift */; };
		66D4602C26EBE574003C4682 /* Discussion.swift in Sources */ = {isa = PBXBuildFile; fileRef = 66D4602B26EBE574003C4682 /* Discussion.swift */; };
		66DE6FFE26EB3D2500D8380E /* CourseContentViewController.swift in Sources */ = {isa = PBXBuildFile; fileRef = 66DE6FFD26EB3D2500D8380E /* CourseContentViewController.swift */; };
		66DE700226EB462800D8380E /* CourseDetailParser.swift in Sources */ = {isa = PBXBuildFile; fileRef = 66DE700126EB462800D8380E /* CourseDetailParser.swift */; };
		66DE700426EB5B2B00D8380E /* Recording.swift in Sources */ = {isa = PBXBuildFile; fileRef = 66DE700326EB5B2B00D8380E /* Recording.swift */; };
		66DE700626EB5D9300D8380E /* Announcement.swift in Sources */ = {isa = PBXBuildFile; fileRef = 66DE700526EB5D9300D8380E /* Announcement.swift */; };
		66DE700826EB5DAE00D8380E /* Forum.swift in Sources */ = {isa = PBXBuildFile; fileRef = 66DE700726EB5DAE00D8380E /* Forum.swift */; };
		66DE700B26EB72C900D8380E /* ModuleURL.swift in Sources */ = {isa = PBXBuildFile; fileRef = 66DE700A26EB72C900D8380E /* ModuleURL.swift */; };
		66DE700D26EB72E400D8380E /* Module.swift in Sources */ = {isa = PBXBuildFile; fileRef = 66DE700C26EB72E400D8380E /* Module.swift */; };
		66DE701026EB750200D8380E /* URLContent.swift in Sources */ = {isa = PBXBuildFile; fileRef = 66DE700F26EB750200D8380E /* URLContent.swift */; };
		66DE701226EB76D100D8380E /* ModuleForum.swift in Sources */ = {isa = PBXBuildFile; fileRef = 66DE701126EB76D100D8380E /* ModuleForum.swift */; };
		66DE701526EB772300D8380E /* ModuleFolder.swift in Sources */ = {isa = PBXBuildFile; fileRef = 66DE701426EB772300D8380E /* ModuleFolder.swift */; };
		66DE701726EB774800D8380E /* FolderContent.swift in Sources */ = {isa = PBXBuildFile; fileRef = 66DE701626EB774800D8380E /* FolderContent.swift */; };
		66DE701926EB789500D8380E /* Section.swift in Sources */ = {isa = PBXBuildFile; fileRef = 66DE701826EB789500D8380E /* Section.swift */; };
		66DE702326EB8CA000D8380E /* MVTopMenuCell.swift in Sources */ = {isa = PBXBuildFile; fileRef = 66DE702026EB8CA000D8380E /* MVTopMenuCell.swift */; };
		66DE702426EB8CA000D8380E /* MVTopMenuProtocols.swift in Sources */ = {isa = PBXBuildFile; fileRef = 66DE702126EB8CA000D8380E /* MVTopMenuProtocols.swift */; };
		66DE702526EB8CA000D8380E /* MVTopMenuView.swift in Sources */ = {isa = PBXBuildFile; fileRef = 66DE702226EB8CA000D8380E /* MVTopMenuView.swift */; };
		66DE702726EB90A900D8380E /* GenericCollectionViewCell.swift in Sources */ = {isa = PBXBuildFile; fileRef = 66DE702626EB90A900D8380E /* GenericCollectionViewCell.swift */; };
		66E59AE326EFE2A300EC1CAD /* FileDeleteBottomSheet.swift in Sources */ = {isa = PBXBuildFile; fileRef = 66E59AE226EFE2A300EC1CAD /* FileDeleteBottomSheet.swift */; };
		66EAF1B426F86B20009D3F03 /* TitleDescriptionButton.swift in Sources */ = {isa = PBXBuildFile; fileRef = 66EAF1B326F86B20009D3F03 /* TitleDescriptionButton.swift */; };
		66EAF1B626F87149009D3F03 /* FeedbackAlert.swift in Sources */ = {isa = PBXBuildFile; fileRef = 66EAF1B526F87149009D3F03 /* FeedbackAlert.swift */; };
		66F2CE1526EF5A42003B1868 /* AppGlobal.swift in Sources */ = {isa = PBXBuildFile; fileRef = 66F2CE1426EF5A42003B1868 /* AppGlobal.swift */; };
		66F2CE1726EF5CB5003B1868 /* CourseName.swift in Sources */ = {isa = PBXBuildFile; fileRef = 66F2CE1626EF5CB5003B1868 /* CourseName.swift */; };
		66F2CE1926EF5DF7003B1868 /* OfflineFolder.swift in Sources */ = {isa = PBXBuildFile; fileRef = 66F2CE1826EF5DF7003B1868 /* OfflineFolder.swift */; };
/* End PBXBuildFile section */

/* Begin PBXFileReference section */
		661FC5BA26E890E200B33983 /* myPoliFile.app */ = {isa = PBXFileReference; explicitFileType = wrapper.application; includeInIndex = 0; path = myPoliFile.app; sourceTree = BUILT_PRODUCTS_DIR; };
		661FC5BD26E890E200B33983 /* AppDelegate.swift */ = {isa = PBXFileReference; lastKnownFileType = sourcecode.swift; path = AppDelegate.swift; sourceTree = "<group>"; };
		661FC5C126E890E200B33983 /* WelcomeViewController.swift */ = {isa = PBXFileReference; lastKnownFileType = sourcecode.swift; path = WelcomeViewController.swift; sourceTree = "<group>"; };
		661FC5C626E890E300B33983 /* Assets.xcassets */ = {isa = PBXFileReference; lastKnownFileType = folder.assetcatalog; path = Assets.xcassets; sourceTree = "<group>"; };
		661FC5CB26E890E300B33983 /* Info.plist */ = {isa = PBXFileReference; lastKnownFileType = text.plist.xml; path = Info.plist; sourceTree = "<group>"; };
		661FC5D126E890FF00B33983 /* User.swift */ = {isa = PBXFileReference; lastKnownFileType = sourcecode.swift; path = User.swift; sourceTree = "<group>"; };
		661FC5D326E8936500B33983 /* LinkBuilder.swift */ = {isa = PBXFileReference; lastKnownFileType = sourcecode.swift; path = LinkBuilder.swift; sourceTree = "<group>"; };
		66230C8A26E899C2003DFD41 /* WebManager.swift */ = {isa = PBXFileReference; lastKnownFileType = sourcecode.swift; path = WebManager.swift; sourceTree = "<group>"; };
		66230C8D26E8A32C003DFD41 /* BaseViewController.swift */ = {isa = PBXFileReference; lastKnownFileType = sourcecode.swift; path = BaseViewController.swift; sourceTree = "<group>"; };
		66230C8F26E8A3F7003DFD41 /* AppButton.swift */ = {isa = PBXFileReference; lastKnownFileType = sourcecode.swift; path = AppButton.swift; sourceTree = "<group>"; };
		66230C9326E8ABA6003DFD41 /* PreferenceManager.swift */ = {isa = PBXFileReference; lastKnownFileType = sourcecode.swift; path = PreferenceManager.swift; sourceTree = "<group>"; };
		66230C9526E8ADE2003DFD41 /* WebLoginViewController.swift */ = {isa = PBXFileReference; lastKnownFileType = sourcecode.swift; path = WebLoginViewController.swift; sourceTree = "<group>"; };
		66230C9726E8BFB5003DFD41 /* LoadingViewController.swift */ = {isa = PBXFileReference; lastKnownFileType = sourcecode.swift; path = LoadingViewController.swift; sourceTree = "<group>"; };
		66230C9A26E8CC39003DFD41 /* TaskManager.swift */ = {isa = PBXFileReference; lastKnownFileType = sourcecode.swift; path = TaskManager.swift; sourceTree = "<group>"; };
		66230C9D26E8DB93003DFD41 /* AlertViewController.swift */ = {isa = PBXFileReference; lastKnownFileType = sourcecode.swift; path = AlertViewController.swift; sourceTree = "<group>"; };
		66230C9F26E8DDDC003DFD41 /* ErrorAlertController.swift */ = {isa = PBXFileReference; lastKnownFileType = sourcecode.swift; path = ErrorAlertController.swift; sourceTree = "<group>"; };
		66230CA326E8EA25003DFD41 /* MainViewController.swift */ = {isa = PBXFileReference; lastKnownFileType = sourcecode.swift; path = MainViewController.swift; sourceTree = "<group>"; };
		66230CA626E8FFAF003DFD41 /* Course.swift */ = {isa = PBXFileReference; lastKnownFileType = sourcecode.swift; path = Course.swift; sourceTree = "<group>"; };
		66230CA826E9DF43003DFD41 /* BackHeader.swift */ = {isa = PBXFileReference; lastKnownFileType = sourcecode.swift; path = BackHeader.swift; sourceTree = "<group>"; };
		66230CAA26E9E171003DFD41 /* LoadingLoginView.swift */ = {isa = PBXFileReference; lastKnownFileType = sourcecode.swift; path = LoadingLoginView.swift; sourceTree = "<group>"; };
		66230CAE26E9E512003DFD41 /* CircleLoader.swift */ = {isa = PBXFileReference; fileEncoding = 4; lastKnownFileType = sourcecode.swift; path = CircleLoader.swift; sourceTree = "<group>"; };
		66230CB326E9E513003DFD41 /* Loader.swift */ = {isa = PBXFileReference; fileEncoding = 4; lastKnownFileType = sourcecode.swift; path = Loader.swift; sourceTree = "<group>"; };
		66230CBB26E9F8F1003DFD41 /* Category.swift */ = {isa = PBXFileReference; lastKnownFileType = sourcecode.swift; path = Category.swift; sourceTree = "<group>"; };
		66230CBE26E9FBD9003DFD41 /* CourseParser.swift */ = {isa = PBXFileReference; lastKnownFileType = sourcecode.swift; path = CourseParser.swift; sourceTree = "<group>"; };
		66230CC026E9FD9A003DFD41 /* CategoryParser.swift */ = {isa = PBXFileReference; lastKnownFileType = sourcecode.swift; path = CategoryParser.swift; sourceTree = "<group>"; };
		66230CC226EA2625003DFD41 /* UserParser.swift */ = {isa = PBXFileReference; lastKnownFileType = sourcecode.swift; path = UserParser.swift; sourceTree = "<group>"; };
		66230CC426EA2974003DFD41 /* FatalErrorViewController.swift */ = {isa = PBXFileReference; lastKnownFileType = sourcecode.swift; path = FatalErrorViewController.swift; sourceTree = "<group>"; };
		6634788F26EC87D600B63527 /* StringExtension.swift */ = {isa = PBXFileReference; lastKnownFileType = sourcecode.swift; path = StringExtension.swift; sourceTree = "<group>"; };
		6634789126EC889A00B63527 /* FloatingTextField.swift */ = {isa = PBXFileReference; lastKnownFileType = sourcecode.swift; path = FloatingTextField.swift; sourceTree = "<group>"; };
		6634789326EC973400B63527 /* ModuleCollectionViewCell.swift */ = {isa = PBXFileReference; lastKnownFileType = sourcecode.swift; path = ModuleCollectionViewCell.swift; sourceTree = "<group>"; };
		6634789626EC989200B63527 /* SectionTitleCollectionReusableView.swift */ = {isa = PBXFileReference; lastKnownFileType = sourcecode.swift; path = SectionTitleCollectionReusableView.swift; sourceTree = "<group>"; };
		6634789926ECACB600B63527 /* FolderViewController.swift */ = {isa = PBXFileReference; lastKnownFileType = sourcecode.swift; path = FolderViewController.swift; sourceTree = "<group>"; };
		6634789B26ECDA2D00B63527 /* Downloader.swift */ = {isa = PBXFileReference; lastKnownFileType = sourcecode.swift; path = Downloader.swift; sourceTree = "<group>"; };
		6634789E26ECEE5000B63527 /* SegmentTableViewCell.swift */ = {isa = PBXFileReference; lastKnownFileType = sourcecode.swift; path = SegmentTableViewCell.swift; sourceTree = "<group>"; };
		663478A026ED059C00B63527 /* FolderCollectionViewCell.swift */ = {isa = PBXFileReference; lastKnownFileType = sourcecode.swift; path = FolderCollectionViewCell.swift; sourceTree = "<group>"; };
		663478A226ED05B000B63527 /* FileCollectionViewCell.swift */ = {isa = PBXFileReference; lastKnownFileType = sourcecode.swift; path = FileCollectionViewCell.swift; sourceTree = "<group>"; };
		663478A426ED176300B63527 /* ForumViewController.swift */ = {isa = PBXFileReference; lastKnownFileType = sourcecode.swift; path = ForumViewController.swift; sourceTree = "<group>"; };
		663478A626ED233700B63527 /* FileViewerViewController.swift */ = {isa = PBXFileReference; lastKnownFileType = sourcecode.swift; path = FileViewerViewController.swift; sourceTree = "<group>"; };
		663478A826ED275500B63527 /* SearchCourseParser.swift */ = {isa = PBXFileReference; lastKnownFileType = sourcecode.swift; path = SearchCourseParser.swift; sourceTree = "<group>"; };
		663478AA26ED372700B63527 /* FileOptionBottomSheet.swift */ = {isa = PBXFileReference; lastKnownFileType = sourcecode.swift; path = FileOptionBottomSheet.swift; sourceTree = "<group>"; };
		663478AC26ED40F400B63527 /* OfflineFileCollectionViewCell.swift */ = {isa = PBXFileReference; lastKnownFileType = sourcecode.swift; path = OfflineFileCollectionViewCell.swift; sourceTree = "<group>"; };
		663478AE26ED415400B63527 /* OfflineFile.swift */ = {isa = PBXFileReference; fileEncoding = 4; lastKnownFileType = sourcecode.swift; path = OfflineFile.swift; sourceTree = "<group>"; };
		663478B126ED438E00B63527 /* DeviceFileManager.swift */ = {isa = PBXFileReference; lastKnownFileType = sourcecode.swift; path = DeviceFileManager.swift; sourceTree = "<group>"; };
		663478B326EDD45D00B63527 /* ModuleLabel.swift */ = {isa = PBXFileReference; lastKnownFileType = sourcecode.swift; path = ModuleLabel.swift; sourceTree = "<group>"; };
		663478B526EDEBF900B63527 /* SwitchTableViewCell.swift */ = {isa = PBXFileReference; lastKnownFileType = sourcecode.swift; path = SwitchTableViewCell.swift; sourceTree = "<group>"; };
		663478B826EE01BB00B63527 /* ModuleResource.swift */ = {isa = PBXFileReference; lastKnownFileType = sourcecode.swift; path = ModuleResource.swift; sourceTree = "<group>"; };
		663478BA26EE03EF00B63527 /* ResourceContent.swift */ = {isa = PBXFileReference; lastKnownFileType = sourcecode.swift; path = ResourceContent.swift; sourceTree = "<group>"; };
		663478BC26EE06F200B63527 /* ModuleContent.swift */ = {isa = PBXFileReference; lastKnownFileType = sourcecode.swift; path = ModuleContent.swift; sourceTree = "<group>"; };
		663478BE26EE2EDD00B63527 /* FileOpenAction.swift */ = {isa = PBXFileReference; lastKnownFileType = sourcecode.swift; name = FileOpenAction.swift; path = ../../../../../Documents/FileOpenAction.swift; sourceTree = "<group>"; };
		6641909A26EA378100A08308 /* SettingsViewController.swift */ = {isa = PBXFileReference; lastKnownFileType = sourcecode.swift; path = SettingsViewController.swift; sourceTree = "<group>"; };
		6641909C26EA38EA00A08308 /* UserInfoView.swift */ = {isa = PBXFileReference; lastKnownFileType = sourcecode.swift; path = UserInfoView.swift; sourceTree = "<group>"; };
		6641909E26EA4F5500A08308 /* SquareImageButton.swift */ = {isa = PBXFileReference; lastKnownFileType = sourcecode.swift; path = SquareImageButton.swift; sourceTree = "<group>"; };
		664190A026EA53DD00A08308 /* HomeHeader.swift */ = {isa = PBXFileReference; lastKnownFileType = sourcecode.swift; path = HomeHeader.swift; sourceTree = "<group>"; };
		664190A226EA67E800A08308 /* CoursesViewController.swift */ = {isa = PBXFileReference; lastKnownFileType = sourcecode.swift; path = CoursesViewController.swift; sourceTree = "<group>"; };
		664190A426EA68E900A08308 /* SearchViewController.swift */ = {isa = PBXFileReference; lastKnownFileType = sourcecode.swift; path = SearchViewController.swift; sourceTree = "<group>"; };
		664190A626EA68FD00A08308 /* DownloadViewController.swift */ = {isa = PBXFileReference; lastKnownFileType = sourcecode.swift; path = DownloadViewController.swift; sourceTree = "<group>"; };
		664190A926EA775300A08308 /* TabBarCollectionViewCell.swift */ = {isa = PBXFileReference; lastKnownFileType = sourcecode.swift; path = TabBarCollectionViewCell.swift; sourceTree = "<group>"; };
		664190AC26EA77C200A08308 /* UIColorExtension.swift */ = {isa = PBXFileReference; lastKnownFileType = sourcecode.swift; path = UIColorExtension.swift; sourceTree = "<group>"; };
		664190AE26EA8C7B00A08308 /* TagView.swift */ = {isa = PBXFileReference; lastKnownFileType = sourcecode.swift; path = TagView.swift; sourceTree = "<group>"; };
		664190B026EA8DBE00A08308 /* CourseCollectionViewCell.swift */ = {isa = PBXFileReference; lastKnownFileType = sourcecode.swift; path = CourseCollectionViewCell.swift; sourceTree = "<group>"; };
		664190B426EA9FFF00A08308 /* UIViewControllerExtension.swift */ = {isa = PBXFileReference; lastKnownFileType = sourcecode.swift; path = UIViewControllerExtension.swift; sourceTree = "<group>"; };
		664744B226F2476000815030 /* ForumCollectionViewCell.swift */ = {isa = PBXFileReference; lastKnownFileType = sourcecode.swift; path = ForumCollectionViewCell.swift; sourceTree = "<group>"; };
		664CFBCF26F33DCF0066CC08 /* WebpageBuilder.swift */ = {isa = PBXFileReference; lastKnownFileType = sourcecode.swift; path = WebpageBuilder.swift; sourceTree = "<group>"; };
		664CFBD126F33FB90066CC08 /* ForumContentViewController.swift */ = {isa = PBXFileReference; lastKnownFileType = sourcecode.swift; path = ForumContentViewController.swift; sourceTree = "<group>"; };
		664CFBD326F345D50066CC08 /* ForumPostsParser.swift */ = {isa = PBXFileReference; lastKnownFileType = sourcecode.swift; path = ForumPostsParser.swift; sourceTree = "<group>"; };
		66623A3526EF8376000B94B9 /* OfflineFolderCollectionViewCell.swift */ = {isa = PBXFileReference; lastKnownFileType = sourcecode.swift; path = OfflineFolderCollectionViewCell.swift; sourceTree = "<group>"; };
		66623A3726EFA02A000B94B9 /* NotificationParser.swift */ = {isa = PBXFileReference; lastKnownFileType = sourcecode.swift; path = NotificationParser.swift; sourceTree = "<group>"; };
		66623A3926EFA1AB000B94B9 /* Notification.swift */ = {isa = PBXFileReference; lastKnownFileType = sourcecode.swift; path = Notification.swift; sourceTree = "<group>"; };
		66623A3B26EFA396000B94B9 /* NotificationCollectionViewCell.swift */ = {isa = PBXFileReference; lastKnownFileType = sourcecode.swift; path = NotificationCollectionViewCell.swift; sourceTree = "<group>"; };
		66623A3D26EFA591000B94B9 /* NotificationViewController.swift */ = {isa = PBXFileReference; lastKnownFileType = sourcecode.swift; path = NotificationViewController.swift; sourceTree = "<group>"; };
		6666D85B26F1CB210078BCE2 /* TokenAlertViewController.swift */ = {isa = PBXFileReference; lastKnownFileType = sourcecode.swift; path = TokenAlertViewController.swift; sourceTree = "<group>"; };
		6686440826F1456C00C0EB3C /* DividerView.swift */ = {isa = PBXFileReference; lastKnownFileType = sourcecode.swift; path = DividerView.swift; sourceTree = "<group>"; };
		66BF8E0526FC7BB4005D902D /* it */ = {isa = PBXFileReference; lastKnownFileType = text.plist.strings; name = it; path = it.lproj/Localizable.strings; sourceTree = "<group>"; };
		66BF8E0826FC7C6A005D902D /* en */ = {isa = PBXFileReference; lastKnownFileType = text.plist.strings; name = en; path = en.lproj/Localizable.strings; sourceTree = "<group>"; };
		66BF8E0926FC7EEF005D902D /* it */ = {isa = PBXFileReference; lastKnownFileType = file.storyboard; name = it; path = it.lproj/LaunchScreen.storyboard; sourceTree = "<group>"; };
		66BF8E0B26FC97B8005D902D /* Base */ = {isa = PBXFileReference; lastKnownFileType = file.storyboard; name = Base; path = Base.lproj/LaunchScreen.storyboard; sourceTree = "<group>"; };
		66D4602726EBE141003C4682 /* BeePNotificationViewController.swift */ = {isa = PBXFileReference; lastKnownFileType = sourcecode.swift; path = BeePNotificationViewController.swift; sourceTree = "<group>"; };
		66D4602926EBE43A003C4682 /* ForumParser.swift */ = {isa = PBXFileReference; lastKnownFileType = sourcecode.swift; path = ForumParser.swift; sourceTree = "<group>"; };
		66D4602B26EBE574003C4682 /* Discussion.swift */ = {isa = PBXFileReference; lastKnownFileType = sourcecode.swift; path = Discussion.swift; sourceTree = "<group>"; };
		66DE6FFD26EB3D2500D8380E /* CourseContentViewController.swift */ = {isa = PBXFileReference; lastKnownFileType = sourcecode.swift; path = CourseContentViewController.swift; sourceTree = "<group>"; };
		66DE700126EB462800D8380E /* CourseDetailParser.swift */ = {isa = PBXFileReference; lastKnownFileType = sourcecode.swift; path = CourseDetailParser.swift; sourceTree = "<group>"; };
		66DE700326EB5B2B00D8380E /* Recording.swift */ = {isa = PBXFileReference; lastKnownFileType = sourcecode.swift; path = Recording.swift; sourceTree = "<group>"; };
		66DE700526EB5D9300D8380E /* Announcement.swift */ = {isa = PBXFileReference; lastKnownFileType = sourcecode.swift; path = Announcement.swift; sourceTree = "<group>"; };
		66DE700726EB5DAE00D8380E /* Forum.swift */ = {isa = PBXFileReference; lastKnownFileType = sourcecode.swift; path = Forum.swift; sourceTree = "<group>"; };
		66DE700A26EB72C900D8380E /* ModuleURL.swift */ = {isa = PBXFileReference; lastKnownFileType = sourcecode.swift; path = ModuleURL.swift; sourceTree = "<group>"; };
		66DE700C26EB72E400D8380E /* Module.swift */ = {isa = PBXFileReference; lastKnownFileType = sourcecode.swift; path = Module.swift; sourceTree = "<group>"; };
		66DE700F26EB750200D8380E /* URLContent.swift */ = {isa = PBXFileReference; lastKnownFileType = sourcecode.swift; path = URLContent.swift; sourceTree = "<group>"; };
		66DE701126EB76D100D8380E /* ModuleForum.swift */ = {isa = PBXFileReference; lastKnownFileType = sourcecode.swift; path = ModuleForum.swift; sourceTree = "<group>"; };
		66DE701426EB772300D8380E /* ModuleFolder.swift */ = {isa = PBXFileReference; lastKnownFileType = sourcecode.swift; path = ModuleFolder.swift; sourceTree = "<group>"; };
		66DE701626EB774800D8380E /* FolderContent.swift */ = {isa = PBXFileReference; lastKnownFileType = sourcecode.swift; path = FolderContent.swift; sourceTree = "<group>"; };
		66DE701826EB789500D8380E /* Section.swift */ = {isa = PBXFileReference; lastKnownFileType = sourcecode.swift; path = Section.swift; sourceTree = "<group>"; };
		66DE702026EB8CA000D8380E /* MVTopMenuCell.swift */ = {isa = PBXFileReference; fileEncoding = 4; lastKnownFileType = sourcecode.swift; path = MVTopMenuCell.swift; sourceTree = "<group>"; };
		66DE702126EB8CA000D8380E /* MVTopMenuProtocols.swift */ = {isa = PBXFileReference; fileEncoding = 4; lastKnownFileType = sourcecode.swift; path = MVTopMenuProtocols.swift; sourceTree = "<group>"; };
		66DE702226EB8CA000D8380E /* MVTopMenuView.swift */ = {isa = PBXFileReference; fileEncoding = 4; lastKnownFileType = sourcecode.swift; path = MVTopMenuView.swift; sourceTree = "<group>"; };
		66DE702626EB90A900D8380E /* GenericCollectionViewCell.swift */ = {isa = PBXFileReference; lastKnownFileType = sourcecode.swift; path = GenericCollectionViewCell.swift; sourceTree = "<group>"; };
		66E59AE226EFE2A300EC1CAD /* FileDeleteBottomSheet.swift */ = {isa = PBXFileReference; lastKnownFileType = sourcecode.swift; path = FileDeleteBottomSheet.swift; sourceTree = "<group>"; };
		66EAF1B326F86B20009D3F03 /* TitleDescriptionButton.swift */ = {isa = PBXFileReference; lastKnownFileType = sourcecode.swift; path = TitleDescriptionButton.swift; sourceTree = "<group>"; };
		66EAF1B526F87149009D3F03 /* FeedbackAlert.swift */ = {isa = PBXFileReference; lastKnownFileType = sourcecode.swift; path = FeedbackAlert.swift; sourceTree = "<group>"; };
		66F2CE1426EF5A42003B1868 /* AppGlobal.swift */ = {isa = PBXFileReference; lastKnownFileType = sourcecode.swift; path = AppGlobal.swift; sourceTree = "<group>"; };
		66F2CE1626EF5CB5003B1868 /* CourseName.swift */ = {isa = PBXFileReference; lastKnownFileType = sourcecode.swift; path = CourseName.swift; sourceTree = "<group>"; };
		66F2CE1826EF5DF7003B1868 /* OfflineFolder.swift */ = {isa = PBXFileReference; lastKnownFileType = sourcecode.swift; path = OfflineFolder.swift; sourceTree = "<group>"; };
/* End PBXFileReference section */

/* Begin PBXFrameworksBuildPhase section */
		661FC5B726E890E200B33983 /* Frameworks */ = {
			isa = PBXFrameworksBuildPhase;
			buildActionMask = 2147483647;
			files = (
			);
			runOnlyForDeploymentPostprocessing = 0;
		};
/* End PBXFrameworksBuildPhase section */

/* Begin PBXGroup section */
		661FC5B126E890E200B33983 = {
			isa = PBXGroup;
			children = (
				661FC5BC26E890E200B33983 /* myPoliFile */,
				661FC5BB26E890E200B33983 /* Products */,
			);
			sourceTree = "<group>";
		};
		661FC5BB26E890E200B33983 /* Products */ = {
			isa = PBXGroup;
			children = (
				661FC5BA26E890E200B33983 /* myPoliFile.app */,
			);
			name = Products;
			sourceTree = "<group>";
		};
		661FC5BC26E890E200B33983 /* myPoliFile */ = {
			isa = PBXGroup;
			children = (
				663478B026ED438200B63527 /* Files */,
				6634789D26ECEE3900B63527 /* TableViewCells */,
				6634789826ECAC9700B63527 /* ModulesController */,
				6634789526EC986500B63527 /* CollectionViewSupplementaryView */,
				664190AB26EA77B200A08308 /* Extensions */,
				664190A826EA773100A08308 /* CollectionViewCells */,
				66230CBD26E9FBC8003DFD41 /* Parsers */,
				66230CAC26E9E501003DFD41 /* Loaders */,
				66230CA526E8FF99003DFD41 /* Models */,
				66230C9C26E8DB75003DFD41 /* Alerts */,
				66230C9926E8CC1F003DFD41 /* Network */,
				66230C9226E8AB43003DFD41 /* UIElements */,
				66230C9126E8AB35003DFD41 /* Welcome&Login */,
				661FC5BD26E890E200B33983 /* AppDelegate.swift */,
				661FC5C626E890E300B33983 /* Assets.xcassets */,
				661FC5C826E890E300B33983 /* LaunchScreen.storyboard */,
				661FC5CB26E890E300B33983 /* Info.plist */,
				66230C9326E8ABA6003DFD41 /* PreferenceManager.swift */,
				66230C9726E8BFB5003DFD41 /* LoadingViewController.swift */,
				66230CA326E8EA25003DFD41 /* MainViewController.swift */,
				6641909A26EA378100A08308 /* SettingsViewController.swift */,
				664190A226EA67E800A08308 /* CoursesViewController.swift */,
				664190A426EA68E900A08308 /* SearchViewController.swift */,
				664190A626EA68FD00A08308 /* DownloadViewController.swift */,
				66DE6FFD26EB3D2500D8380E /* CourseContentViewController.swift */,
				66D4602726EBE141003C4682 /* BeePNotificationViewController.swift */,
				663478A626ED233700B63527 /* FileViewerViewController.swift */,
				66F2CE1426EF5A42003B1868 /* AppGlobal.swift */,
				66BF8E0626FC7BB4005D902D /* Localizable.strings */,
			);
			path = myPoliFile;
			sourceTree = "<group>";
		};
		66230C9126E8AB35003DFD41 /* Welcome&Login */ = {
			isa = PBXGroup;
			children = (
				661FC5C126E890E200B33983 /* WelcomeViewController.swift */,
				66230C9526E8ADE2003DFD41 /* WebLoginViewController.swift */,
				6666D85B26F1CB210078BCE2 /* TokenAlertViewController.swift */,
			);
			path = "Welcome&Login";
			sourceTree = "<group>";
		};
		66230C9226E8AB43003DFD41 /* UIElements */ = {
			isa = PBXGroup;
			children = (
				66DE701F26EB8C7700D8380E /* MVTopMenu */,
				66230C8D26E8A32C003DFD41 /* BaseViewController.swift */,
				66230C8F26E8A3F7003DFD41 /* AppButton.swift */,
				66230C9D26E8DB93003DFD41 /* AlertViewController.swift */,
				66230CA826E9DF43003DFD41 /* BackHeader.swift */,
				66230CAA26E9E171003DFD41 /* LoadingLoginView.swift */,
				6641909C26EA38EA00A08308 /* UserInfoView.swift */,
				6641909E26EA4F5500A08308 /* SquareImageButton.swift */,
				664190A026EA53DD00A08308 /* HomeHeader.swift */,
				664190AE26EA8C7B00A08308 /* TagView.swift */,
				6634789126EC889A00B63527 /* FloatingTextField.swift */,
				6686440826F1456C00C0EB3C /* DividerView.swift */,
				66EAF1B326F86B20009D3F03 /* TitleDescriptionButton.swift */,
			);
			path = UIElements;
			sourceTree = "<group>";
		};
		66230C9926E8CC1F003DFD41 /* Network */ = {
			isa = PBXGroup;
			children = (
				661FC5D326E8936500B33983 /* LinkBuilder.swift */,
				66230C8A26E899C2003DFD41 /* WebManager.swift */,
				66230C9A26E8CC39003DFD41 /* TaskManager.swift */,
				6634789B26ECDA2D00B63527 /* Downloader.swift */,
			);
			path = Network;
			sourceTree = "<group>";
		};
		66230C9C26E8DB75003DFD41 /* Alerts */ = {
			isa = PBXGroup;
			children = (
				66230C9F26E8DDDC003DFD41 /* ErrorAlertController.swift */,
				66230CC426EA2974003DFD41 /* FatalErrorViewController.swift */,
				663478AA26ED372700B63527 /* FileOptionBottomSheet.swift */,
				66E59AE226EFE2A300EC1CAD /* FileDeleteBottomSheet.swift */,
				66EAF1B526F87149009D3F03 /* FeedbackAlert.swift */,
			);
			path = Alerts;
			sourceTree = "<group>";
		};
		66230CA526E8FF99003DFD41 /* Models */ = {
			isa = PBXGroup;
			children = (
				66E59AE126EFE24400EC1CAD /* OfflineContent */,
				66DE700926EB72B500D8380E /* Modules */,
				661FC5D126E890FF00B33983 /* User.swift */,
				66230CA626E8FFAF003DFD41 /* Course.swift */,
				66230CBB26E9F8F1003DFD41 /* Category.swift */,
				66DE700326EB5B2B00D8380E /* Recording.swift */,
				66DE700526EB5D9300D8380E /* Announcement.swift */,
				66DE700726EB5DAE00D8380E /* Forum.swift */,
				66DE701826EB789500D8380E /* Section.swift */,
				66D4602B26EBE574003C4682 /* Discussion.swift */,
				66F2CE1626EF5CB5003B1868 /* CourseName.swift */,
				66623A3926EFA1AB000B94B9 /* Notification.swift */,
				664CFBCF26F33DCF0066CC08 /* WebpageBuilder.swift */,
			);
			path = Models;
			sourceTree = "<group>";
		};
		66230CAC26E9E501003DFD41 /* Loaders */ = {
			isa = PBXGroup;
			children = (
				66230CAE26E9E512003DFD41 /* CircleLoader.swift */,
				66230CB326E9E513003DFD41 /* Loader.swift */,
			);
			path = Loaders;
			sourceTree = "<group>";
		};
		66230CBD26E9FBC8003DFD41 /* Parsers */ = {
			isa = PBXGroup;
			children = (
				66230CBE26E9FBD9003DFD41 /* CourseParser.swift */,
				66230CC026E9FD9A003DFD41 /* CategoryParser.swift */,
				66230CC226EA2625003DFD41 /* UserParser.swift */,
				66DE700126EB462800D8380E /* CourseDetailParser.swift */,
				66D4602926EBE43A003C4682 /* ForumParser.swift */,
				663478A826ED275500B63527 /* SearchCourseParser.swift */,
				66623A3726EFA02A000B94B9 /* NotificationParser.swift */,
				664CFBD326F345D50066CC08 /* ForumPostsParser.swift */,
			);
			path = Parsers;
			sourceTree = "<group>";
		};
		6634789526EC986500B63527 /* CollectionViewSupplementaryView */ = {
			isa = PBXGroup;
			children = (
				6634789626EC989200B63527 /* SectionTitleCollectionReusableView.swift */,
			);
			path = CollectionViewSupplementaryView;
			sourceTree = "<group>";
		};
		6634789826ECAC9700B63527 /* ModulesController */ = {
			isa = PBXGroup;
			children = (
				6634789926ECACB600B63527 /* FolderViewController.swift */,
				663478A426ED176300B63527 /* ForumViewController.swift */,
				66623A3D26EFA591000B94B9 /* NotificationViewController.swift */,
				664CFBD126F33FB90066CC08 /* ForumContentViewController.swift */,
			);
			path = ModulesController;
			sourceTree = "<group>";
		};
		6634789D26ECEE3900B63527 /* TableViewCells */ = {
			isa = PBXGroup;
			children = (
				6634789E26ECEE5000B63527 /* SegmentTableViewCell.swift */,
				663478B526EDEBF900B63527 /* SwitchTableViewCell.swift */,
			);
			path = TableViewCells;
			sourceTree = "<group>";
		};
		663478B026ED438200B63527 /* Files */ = {
			isa = PBXGroup;
			children = (
				663478B126ED438E00B63527 /* DeviceFileManager.swift */,
				663478BE26EE2EDD00B63527 /* FileOpenAction.swift */,
			);
			path = Files;
			sourceTree = "<group>";
		};
		663478B726EE01A600B63527 /* Resource */ = {
			isa = PBXGroup;
			children = (
				663478B826EE01BB00B63527 /* ModuleResource.swift */,
				663478BA26EE03EF00B63527 /* ResourceContent.swift */,
			);
			path = Resource;
			sourceTree = "<group>";
		};
		664190A826EA773100A08308 /* CollectionViewCells */ = {
			isa = PBXGroup;
			children = (
				664190B026EA8DBE00A08308 /* CourseCollectionViewCell.swift */,
				664190A926EA775300A08308 /* TabBarCollectionViewCell.swift */,
				66DE702626EB90A900D8380E /* GenericCollectionViewCell.swift */,
				6634789326EC973400B63527 /* ModuleCollectionViewCell.swift */,
				663478A026ED059C00B63527 /* FolderCollectionViewCell.swift */,
				663478A226ED05B000B63527 /* FileCollectionViewCell.swift */,
				663478AC26ED40F400B63527 /* OfflineFileCollectionViewCell.swift */,
				66623A3526EF8376000B94B9 /* OfflineFolderCollectionViewCell.swift */,
				66623A3B26EFA396000B94B9 /* NotificationCollectionViewCell.swift */,
				664744B226F2476000815030 /* ForumCollectionViewCell.swift */,
			);
			path = CollectionViewCells;
			sourceTree = "<group>";
		};
		664190AB26EA77B200A08308 /* Extensions */ = {
			isa = PBXGroup;
			children = (
				664190AC26EA77C200A08308 /* UIColorExtension.swift */,
				664190B426EA9FFF00A08308 /* UIViewControllerExtension.swift */,
				6634788F26EC87D600B63527 /* StringExtension.swift */,
			);
			path = Extensions;
			sourceTree = "<group>";
		};
		66DE700926EB72B500D8380E /* Modules */ = {
			isa = PBXGroup;
			children = (
				663478B726EE01A600B63527 /* Resource */,
				66DE701326EB771600D8380E /* Folder */,
				66DE700E26EB74F400D8380E /* URL */,
				66DE700C26EB72E400D8380E /* Module.swift */,
				66DE701126EB76D100D8380E /* ModuleForum.swift */,
				663478B326EDD45D00B63527 /* ModuleLabel.swift */,
				663478BC26EE06F200B63527 /* ModuleContent.swift */,
			);
			path = Modules;
			sourceTree = "<group>";
		};
		66DE700E26EB74F400D8380E /* URL */ = {
			isa = PBXGroup;
			children = (
				66DE700A26EB72C900D8380E /* ModuleURL.swift */,
				66DE700F26EB750200D8380E /* URLContent.swift */,
			);
			path = URL;
			sourceTree = "<group>";
		};
		66DE701326EB771600D8380E /* Folder */ = {
			isa = PBXGroup;
			children = (
				66DE701426EB772300D8380E /* ModuleFolder.swift */,
				66DE701626EB774800D8380E /* FolderContent.swift */,
			);
			path = Folder;
			sourceTree = "<group>";
		};
		66DE701F26EB8C7700D8380E /* MVTopMenu */ = {
			isa = PBXGroup;
			children = (
				66DE702026EB8CA000D8380E /* MVTopMenuCell.swift */,
				66DE702126EB8CA000D8380E /* MVTopMenuProtocols.swift */,
				66DE702226EB8CA000D8380E /* MVTopMenuView.swift */,
			);
			path = MVTopMenu;
			sourceTree = "<group>";
		};
		66E59AE126EFE24400EC1CAD /* OfflineContent */ = {
			isa = PBXGroup;
			children = (
				66F2CE1826EF5DF7003B1868 /* OfflineFolder.swift */,
				663478AE26ED415400B63527 /* OfflineFile.swift */,
			);
			path = OfflineContent;
			sourceTree = "<group>";
		};
/* End PBXGroup section */

/* Begin PBXNativeTarget section */
		661FC5B926E890E200B33983 /* myPoliFile */ = {
			isa = PBXNativeTarget;
			buildConfigurationList = 661FC5CE26E890E300B33983 /* Build configuration list for PBXNativeTarget "myPoliFile" */;
			buildPhases = (
				661FC5B626E890E200B33983 /* Sources */,
				661FC5B726E890E200B33983 /* Frameworks */,
				661FC5B826E890E200B33983 /* Resources */,
			);
			buildRules = (
			);
			dependencies = (
			);
			name = myPoliFile;
			productName = myPoliFile;
			productReference = 661FC5BA26E890E200B33983 /* myPoliFile.app */;
			productType = "com.apple.product-type.application";
		};
/* End PBXNativeTarget section */

/* Begin PBXProject section */
		661FC5B226E890E200B33983 /* Project object */ = {
			isa = PBXProject;
			attributes = {
				LastSwiftUpdateCheck = 1250;
				LastUpgradeCheck = 1300;
				TargetAttributes = {
					661FC5B926E890E200B33983 = {
						CreatedOnToolsVersion = 12.5.1;
					};
				};
			};
			buildConfigurationList = 661FC5B526E890E200B33983 /* Build configuration list for PBXProject "myPoliFile" */;
			compatibilityVersion = "Xcode 9.3";
			developmentRegion = en;
			hasScannedForEncodings = 0;
			knownRegions = (
				en,
				it,
				Base,
			);
			mainGroup = 661FC5B126E890E200B33983;
			productRefGroup = 661FC5BB26E890E200B33983 /* Products */;
			projectDirPath = "";
			projectRoot = "";
			targets = (
				661FC5B926E890E200B33983 /* myPoliFile */,
			);
		};
/* End PBXProject section */

/* Begin PBXResourcesBuildPhase section */
		661FC5B826E890E200B33983 /* Resources */ = {
			isa = PBXResourcesBuildPhase;
			buildActionMask = 2147483647;
			files = (
				661FC5CA26E890E300B33983 /* LaunchScreen.storyboard in Resources */,
				66BF8E0426FC7BB4005D902D /* Localizable.strings in Resources */,
				661FC5C726E890E300B33983 /* Assets.xcassets in Resources */,
			);
			runOnlyForDeploymentPostprocessing = 0;
		};
/* End PBXResourcesBuildPhase section */

/* Begin PBXSourcesBuildPhase section */
		661FC5B626E890E200B33983 /* Sources */ = {
			isa = PBXSourcesBuildPhase;
			buildActionMask = 2147483647;
			files = (
				66E59AE326EFE2A300EC1CAD /* FileDeleteBottomSheet.swift in Sources */,
				66230CA926E9DF43003DFD41 /* BackHeader.swift in Sources */,
				664190AA26EA775300A08308 /* TabBarCollectionViewCell.swift in Sources */,
				6634789A26ECACB600B63527 /* FolderViewController.swift in Sources */,
				66DE700226EB462800D8380E /* CourseDetailParser.swift in Sources */,
				66230C9026E8A3F7003DFD41 /* AppButton.swift in Sources */,
				66EAF1B426F86B20009D3F03 /* TitleDescriptionButton.swift in Sources */,
				663478AD26ED40F400B63527 /* OfflineFileCollectionViewCell.swift in Sources */,
				663478BB26EE03EF00B63527 /* ResourceContent.swift in Sources */,
				663478A726ED233700B63527 /* FileViewerViewController.swift in Sources */,
				661FC5D226E890FF00B33983 /* User.swift in Sources */,
				661FC5D426E8936500B33983 /* LinkBuilder.swift in Sources */,
				66230C9B26E8CC39003DFD41 /* TaskManager.swift in Sources */,
				663478B626EDEBF900B63527 /* SwitchTableViewCell.swift in Sources */,
				66230C9626E8ADE2003DFD41 /* WebLoginViewController.swift in Sources */,
				66DE700D26EB72E400D8380E /* Module.swift in Sources */,
				664CFBD226F33FB90066CC08 /* ForumContentViewController.swift in Sources */,
				664190A526EA68E900A08308 /* SearchViewController.swift in Sources */,
				66623A3626EF8376000B94B9 /* OfflineFolderCollectionViewCell.swift in Sources */,
				66230CC326EA2625003DFD41 /* UserParser.swift in Sources */,
				663478B226ED438E00B63527 /* DeviceFileManager.swift in Sources */,
				664190A126EA53DD00A08308 /* HomeHeader.swift in Sources */,
				664190AF26EA8C7B00A08308 /* TagView.swift in Sources */,
				6686440926F1456C00C0EB3C /* DividerView.swift in Sources */,
				66DE700626EB5D9300D8380E /* Announcement.swift in Sources */,
				6634789F26ECEE5000B63527 /* SegmentTableViewCell.swift in Sources */,
				66DE702326EB8CA000D8380E /* MVTopMenuCell.swift in Sources */,
				66EAF1B626F87149009D3F03 /* FeedbackAlert.swift in Sources */,
				661FC5C226E890E200B33983 /* WelcomeViewController.swift in Sources */,
				663478B926EE01BB00B63527 /* ModuleResource.swift in Sources */,
				663478BF26EE2EDD00B63527 /* FileOpenAction.swift in Sources */,
				66DE6FFE26EB3D2500D8380E /* CourseContentViewController.swift in Sources */,
				66230C9426E8ABA6003DFD41 /* PreferenceManager.swift in Sources */,
				66230CA726E8FFAF003DFD41 /* Course.swift in Sources */,
				66F2CE1726EF5CB5003B1868 /* CourseName.swift in Sources */,
				6634789726EC989200B63527 /* SectionTitleCollectionReusableView.swift in Sources */,
				66230CB526E9E513003DFD41 /* CircleLoader.swift in Sources */,
				66D4602826EBE141003C4682 /* BeePNotificationViewController.swift in Sources */,
				664190A726EA68FD00A08308 /* DownloadViewController.swift in Sources */,
				66230CC126E9FD9A003DFD41 /* CategoryParser.swift in Sources */,
				663478A326ED05B000B63527 /* FileCollectionViewCell.swift in Sources */,
				664190AD26EA77C200A08308 /* UIColorExtension.swift in Sources */,
				66230C9E26E8DB93003DFD41 /* AlertViewController.swift in Sources */,
				66DE700826EB5DAE00D8380E /* Forum.swift in Sources */,
				6641909F26EA4F5500A08308 /* SquareImageButton.swift in Sources */,
				66623A3C26EFA396000B94B9 /* NotificationCollectionViewCell.swift in Sources */,
				66230CA426E8EA25003DFD41 /* MainViewController.swift in Sources */,
				66DE702526EB8CA000D8380E /* MVTopMenuView.swift in Sources */,
				66DE700B26EB72C900D8380E /* ModuleURL.swift in Sources */,
				66D4602C26EBE574003C4682 /* Discussion.swift in Sources */,
				6666D85C26F1CB210078BCE2 /* TokenAlertViewController.swift in Sources */,
				661FC5BE26E890E200B33983 /* AppDelegate.swift in Sources */,
				66F2CE1526EF5A42003B1868 /* AppGlobal.swift in Sources */,
				66623A3E26EFA591000B94B9 /* NotificationViewController.swift in Sources */,
				66DE701026EB750200D8380E /* URLContent.swift in Sources */,
				66F2CE1926EF5DF7003B1868 /* OfflineFolder.swift in Sources */,
				663478AB26ED372700B63527 /* FileOptionBottomSheet.swift in Sources */,
				6634789426EC973400B63527 /* ModuleCollectionViewCell.swift in Sources */,
				66230CAB26E9E171003DFD41 /* LoadingLoginView.swift in Sources */,
				6634789C26ECDA2D00B63527 /* Downloader.swift in Sources */,
				6634789226EC889A00B63527 /* FloatingTextField.swift in Sources */,
				6634789026EC87D600B63527 /* StringExtension.swift in Sources */,
				664190B526EA9FFF00A08308 /* UIViewControllerExtension.swift in Sources */,
				664CFBD426F345D50066CC08 /* ForumPostsParser.swift in Sources */,
				663478B426EDD45D00B63527 /* ModuleLabel.swift in Sources */,
				66230C9826E8BFB5003DFD41 /* LoadingViewController.swift in Sources */,
				6641909D26EA38EA00A08308 /* UserInfoView.swift in Sources */,
				66230C8B26E899C2003DFD41 /* WebManager.swift in Sources */,
				66230CC526EA2974003DFD41 /* FatalErrorViewController.swift in Sources */,
				66230CA026E8DDDC003DFD41 /* ErrorAlertController.swift in Sources */,
				66D4602A26EBE43A003C4682 /* ForumParser.swift in Sources */,
				663478AF26ED415400B63527 /* OfflineFile.swift in Sources */,
				663478A526ED176300B63527 /* ForumViewController.swift in Sources */,
				66DE701726EB774800D8380E /* FolderContent.swift in Sources */,
				66DE701926EB789500D8380E /* Section.swift in Sources */,
				663478BD26EE06F200B63527 /* ModuleContent.swift in Sources */,
				66230CBA26E9E513003DFD41 /* Loader.swift in Sources */,
				664744B326F2476000815030 /* ForumCollectionViewCell.swift in Sources */,
				663478A926ED275500B63527 /* SearchCourseParser.swift in Sources */,
				66623A3826EFA02A000B94B9 /* NotificationParser.swift in Sources */,
				66DE702726EB90A900D8380E /* GenericCollectionViewCell.swift in Sources */,
				66230C8E26E8A32C003DFD41 /* BaseViewController.swift in Sources */,
				664CFBD026F33DCF0066CC08 /* WebpageBuilder.swift in Sources */,
				66DE702426EB8CA000D8380E /* MVTopMenuProtocols.swift in Sources */,
				6641909B26EA378100A08308 /* SettingsViewController.swift in Sources */,
				66230CBC26E9F8F1003DFD41 /* Category.swift in Sources */,
				664190B126EA8DBE00A08308 /* CourseCollectionViewCell.swift in Sources */,
				66230CBF26E9FBD9003DFD41 /* CourseParser.swift in Sources */,
				664190A326EA67E800A08308 /* CoursesViewController.swift in Sources */,
				663478A126ED059C00B63527 /* FolderCollectionViewCell.swift in Sources */,
				66623A3A26EFA1AB000B94B9 /* Notification.swift in Sources */,
				66DE700426EB5B2B00D8380E /* Recording.swift in Sources */,
				66DE701226EB76D100D8380E /* ModuleForum.swift in Sources */,
				66DE701526EB772300D8380E /* ModuleFolder.swift in Sources */,
			);
			runOnlyForDeploymentPostprocessing = 0;
		};
/* End PBXSourcesBuildPhase section */

/* Begin PBXVariantGroup section */
		661FC5C826E890E300B33983 /* LaunchScreen.storyboard */ = {
			isa = PBXVariantGroup;
			children = (
				66BF8E0926FC7EEF005D902D /* it */,
				66BF8E0B26FC97B8005D902D /* Base */,
			);
			name = LaunchScreen.storyboard;
			sourceTree = "<group>";
		};
		66BF8E0626FC7BB4005D902D /* Localizable.strings */ = {
			isa = PBXVariantGroup;
			children = (
				66BF8E0526FC7BB4005D902D /* it */,
				66BF8E0826FC7C6A005D902D /* en */,
			);
			name = Localizable.strings;
			sourceTree = "<group>";
		};
/* End PBXVariantGroup section */

/* Begin XCBuildConfiguration section */
		661FC5CC26E890E300B33983 /* Debug */ = {
			isa = XCBuildConfiguration;
			buildSettings = {
				ALWAYS_SEARCH_USER_PATHS = NO;
				CLANG_ANALYZER_LOCALIZABILITY_NONLOCALIZED = YES;
				CLANG_ANALYZER_NONNULL = YES;
				CLANG_ANALYZER_NUMBER_OBJECT_CONVERSION = YES_AGGRESSIVE;
				CLANG_CXX_LANGUAGE_STANDARD = "gnu++14";
				CLANG_CXX_LIBRARY = "libc++";
				CLANG_ENABLE_MODULES = YES;
				CLANG_ENABLE_OBJC_ARC = YES;
				CLANG_ENABLE_OBJC_WEAK = YES;
				CLANG_WARN_BLOCK_CAPTURE_AUTORELEASING = YES;
				CLANG_WARN_BOOL_CONVERSION = YES;
				CLANG_WARN_COMMA = YES;
				CLANG_WARN_CONSTANT_CONVERSION = YES;
				CLANG_WARN_DEPRECATED_OBJC_IMPLEMENTATIONS = YES;
				CLANG_WARN_DIRECT_OBJC_ISA_USAGE = YES_ERROR;
				CLANG_WARN_DOCUMENTATION_COMMENTS = YES;
				CLANG_WARN_EMPTY_BODY = YES;
				CLANG_WARN_ENUM_CONVERSION = YES;
				CLANG_WARN_INFINITE_RECURSION = YES;
				CLANG_WARN_INT_CONVERSION = YES;
				CLANG_WARN_NON_LITERAL_NULL_CONVERSION = YES;
				CLANG_WARN_OBJC_IMPLICIT_RETAIN_SELF = YES;
				CLANG_WARN_OBJC_LITERAL_CONVERSION = YES;
				CLANG_WARN_OBJC_ROOT_CLASS = YES_ERROR;
				CLANG_WARN_QUOTED_INCLUDE_IN_FRAMEWORK_HEADER = YES;
				CLANG_WARN_RANGE_LOOP_ANALYSIS = YES;
				CLANG_WARN_STRICT_PROTOTYPES = YES;
				CLANG_WARN_SUSPICIOUS_MOVE = YES;
				CLANG_WARN_UNGUARDED_AVAILABILITY = YES_AGGRESSIVE;
				CLANG_WARN_UNREACHABLE_CODE = YES;
				CLANG_WARN__DUPLICATE_METHOD_MATCH = YES;
				COPY_PHASE_STRIP = NO;
				DEBUG_INFORMATION_FORMAT = dwarf;
				ENABLE_STRICT_OBJC_MSGSEND = YES;
				ENABLE_TESTABILITY = YES;
				GCC_C_LANGUAGE_STANDARD = gnu11;
				GCC_DYNAMIC_NO_PIC = NO;
				GCC_NO_COMMON_BLOCKS = YES;
				GCC_OPTIMIZATION_LEVEL = 0;
				GCC_PREPROCESSOR_DEFINITIONS = (
					"DEBUG=1",
					"$(inherited)",
				);
				GCC_WARN_64_TO_32_BIT_CONVERSION = YES;
				GCC_WARN_ABOUT_RETURN_TYPE = YES_ERROR;
				GCC_WARN_UNDECLARED_SELECTOR = YES;
				GCC_WARN_UNINITIALIZED_AUTOS = YES_AGGRESSIVE;
				GCC_WARN_UNUSED_FUNCTION = YES;
				GCC_WARN_UNUSED_VARIABLE = YES;
				IPHONEOS_DEPLOYMENT_TARGET = 14.5;
				MTL_ENABLE_DEBUG_INFO = INCLUDE_SOURCE;
				MTL_FAST_MATH = YES;
				ONLY_ACTIVE_ARCH = YES;
				SDKROOT = iphoneos;
				SWIFT_ACTIVE_COMPILATION_CONDITIONS = DEBUG;
				SWIFT_EMIT_LOC_STRINGS = YES;
				SWIFT_OPTIMIZATION_LEVEL = "-Onone";
			};
			name = Debug;
		};
		661FC5CD26E890E300B33983 /* Release */ = {
			isa = XCBuildConfiguration;
			buildSettings = {
				ALWAYS_SEARCH_USER_PATHS = NO;
				CLANG_ANALYZER_LOCALIZABILITY_NONLOCALIZED = YES;
				CLANG_ANALYZER_NONNULL = YES;
				CLANG_ANALYZER_NUMBER_OBJECT_CONVERSION = YES_AGGRESSIVE;
				CLANG_CXX_LANGUAGE_STANDARD = "gnu++14";
				CLANG_CXX_LIBRARY = "libc++";
				CLANG_ENABLE_MODULES = YES;
				CLANG_ENABLE_OBJC_ARC = YES;
				CLANG_ENABLE_OBJC_WEAK = YES;
				CLANG_WARN_BLOCK_CAPTURE_AUTORELEASING = YES;
				CLANG_WARN_BOOL_CONVERSION = YES;
				CLANG_WARN_COMMA = YES;
				CLANG_WARN_CONSTANT_CONVERSION = YES;
				CLANG_WARN_DEPRECATED_OBJC_IMPLEMENTATIONS = YES;
				CLANG_WARN_DIRECT_OBJC_ISA_USAGE = YES_ERROR;
				CLANG_WARN_DOCUMENTATION_COMMENTS = YES;
				CLANG_WARN_EMPTY_BODY = YES;
				CLANG_WARN_ENUM_CONVERSION = YES;
				CLANG_WARN_INFINITE_RECURSION = YES;
				CLANG_WARN_INT_CONVERSION = YES;
				CLANG_WARN_NON_LITERAL_NULL_CONVERSION = YES;
				CLANG_WARN_OBJC_IMPLICIT_RETAIN_SELF = YES;
				CLANG_WARN_OBJC_LITERAL_CONVERSION = YES;
				CLANG_WARN_OBJC_ROOT_CLASS = YES_ERROR;
				CLANG_WARN_QUOTED_INCLUDE_IN_FRAMEWORK_HEADER = YES;
				CLANG_WARN_RANGE_LOOP_ANALYSIS = YES;
				CLANG_WARN_STRICT_PROTOTYPES = YES;
				CLANG_WARN_SUSPICIOUS_MOVE = YES;
				CLANG_WARN_UNGUARDED_AVAILABILITY = YES_AGGRESSIVE;
				CLANG_WARN_UNREACHABLE_CODE = YES;
				CLANG_WARN__DUPLICATE_METHOD_MATCH = YES;
				COPY_PHASE_STRIP = NO;
				DEBUG_INFORMATION_FORMAT = "dwarf-with-dsym";
				ENABLE_NS_ASSERTIONS = NO;
				ENABLE_STRICT_OBJC_MSGSEND = YES;
				GCC_C_LANGUAGE_STANDARD = gnu11;
				GCC_NO_COMMON_BLOCKS = YES;
				GCC_WARN_64_TO_32_BIT_CONVERSION = YES;
				GCC_WARN_ABOUT_RETURN_TYPE = YES_ERROR;
				GCC_WARN_UNDECLARED_SELECTOR = YES;
				GCC_WARN_UNINITIALIZED_AUTOS = YES_AGGRESSIVE;
				GCC_WARN_UNUSED_FUNCTION = YES;
				GCC_WARN_UNUSED_VARIABLE = YES;
				IPHONEOS_DEPLOYMENT_TARGET = 14.5;
				MTL_ENABLE_DEBUG_INFO = NO;
				MTL_FAST_MATH = YES;
				SDKROOT = iphoneos;
				SWIFT_COMPILATION_MODE = wholemodule;
				SWIFT_EMIT_LOC_STRINGS = YES;
				SWIFT_OPTIMIZATION_LEVEL = "-O";
				VALIDATE_PRODUCT = YES;
			};
			name = Release;
		};
		661FC5CF26E890E300B33983 /* Debug */ = {
			isa = XCBuildConfiguration;
			buildSettings = {
				ASSETCATALOG_COMPILER_APPICON_NAME = AppIcon;
				ASSETCATALOG_COMPILER_GLOBAL_ACCENT_COLOR_NAME = AccentColor;
				CODE_SIGN_STYLE = Automatic;
				CURRENT_PROJECT_VERSION = 5;
				DEVELOPMENT_TEAM = 2FE7MP24X8;
				INFOPLIST_FILE = myPoliFile/Info.plist;
				IPHONEOS_DEPLOYMENT_TARGET = 12.0;
				LD_RUNPATH_SEARCH_PATHS = (
					"$(inherited)",
					"@executable_path/Frameworks",
				);
				PRODUCT_BUNDLE_IDENTIFIER = it.matteovisotto.myPoliFile;
				PRODUCT_NAME = "$(TARGET_NAME)";
				SWIFT_VERSION = 5.0;
				TARGETED_DEVICE_FAMILY = 1;
			};
			name = Debug;
		};
		661FC5D026E890E300B33983 /* Release */ = {
			isa = XCBuildConfiguration;
			buildSettings = {
				ASSETCATALOG_COMPILER_APPICON_NAME = AppIcon;
				ASSETCATALOG_COMPILER_GLOBAL_ACCENT_COLOR_NAME = AccentColor;
				CODE_SIGN_STYLE = Automatic;
				CURRENT_PROJECT_VERSION = 5;
				DEVELOPMENT_TEAM = 2FE7MP24X8;
				INFOPLIST_FILE = myPoliFile/Info.plist;
				IPHONEOS_DEPLOYMENT_TARGET = 12.0;
				LD_RUNPATH_SEARCH_PATHS = (
					"$(inherited)",
					"@executable_path/Frameworks",
				);
				PRODUCT_BUNDLE_IDENTIFIER = it.matteovisotto.myPoliFile;
				PRODUCT_NAME = "$(TARGET_NAME)";
				SWIFT_VERSION = 5.0;
				TARGETED_DEVICE_FAMILY = 1;
			};
			name = Release;
		};
/* End XCBuildConfiguration section */

/* Begin XCConfigurationList section */
		661FC5B526E890E200B33983 /* Build configuration list for PBXProject "myPoliFile" */ = {
			isa = XCConfigurationList;
			buildConfigurations = (
				661FC5CC26E890E300B33983 /* Debug */,
				661FC5CD26E890E300B33983 /* Release */,
			);
			defaultConfigurationIsVisible = 0;
			defaultConfigurationName = Release;
		};
		661FC5CE26E890E300B33983 /* Build configuration list for PBXNativeTarget "myPoliFile" */ = {
			isa = XCConfigurationList;
			buildConfigurations = (
				661FC5CF26E890E300B33983 /* Debug */,
				661FC5D026E890E300B33983 /* Release */,
			);
			defaultConfigurationIsVisible = 0;
			defaultConfigurationName = Release;
		};
/* End XCConfigurationList section */
	};
	rootObject = 661FC5B226E890E200B33983 /* Project object */;
}
