// !$*UTF8*$!
{
	archiveVersion = 1;
	classes = {
	};
	objectVersion = 50;
	objects = {

/* Begin PBXBuildFile section */
		661FC5BE26E890E200B33983 /* AppDelegate.swift in Sources */ = {isa = PBXBuildFile; fileRef = 661FC5BD26E890E200B33983 /* AppDelegate.swift */; };
		661FC5C226E890E200B33983 /* WelcomeViewController.swift in Sources */ = {isa = PBXBuildFile; fileRef = 661FC5C126E890E200B33983 /* WelcomeViewController.swift */; };
		661FC5C726E890E300B33983 /* Assets.xcassets in Resources */ = {isa = PBXBuildFile; fileRef = 661FC5C626E890E300B33983 /* Assets.xcassets */; };
		661FC5CA26E890E300B33983 /* LaunchScreen.storyboard in Resources */ = {isa = PBXBuildFile; fileRef = 661FC5C826E890E300B33983 /* LaunchScreen.storyboard */; };
		661FC5D226E890FF00B33983 /* User.swift in Sources */ = {isa = PBXBuildFile; fileRef = 661FC5D126E890FF00B33983 /* User.swift */; };
		661FC5D426E8936500B33983 /* LinkBuilder.swift in Sources */ = {isa = PBXBuildFile; fileRef = 661FC5D326E8936500B33983 /* LinkBuilder.swift */; };
		66230C8B26E899C2003DFD41 /* WebManager.swift in Sources */ = {isa = PBXBuildFile; fileRef = 66230C8A26E899C2003DFD41 /* WebManager.swift */; };
		66230C8E26E8A32C003DFD41 /* BaseViewController.swift in Sources */ = {isa = PBXBuildFile; fileRef = 66230C8D26E8A32C003DFD41 /* BaseViewController.swift */; };
		66230C9026E8A3F7003DFD41 /* AppButton.swift in Sources */ = {isa = PBXBuildFile; fileRef = 66230C8F26E8A3F7003DFD41 /* AppButton.swift */; };
		66230C9426E8ABA6003DFD41 /* PreferenceManager.swift in Sources */ = {isa = PBXBuildFile; fileRef = 66230C9326E8ABA6003DFD41 /* PreferenceManager.swift */; };
		66230C9626E8ADE2003DFD41 /* WebLoginViewController.swift in Sources */ = {isa = PBXBuildFile; fileRef = 66230C9526E8ADE2003DFD41 /* WebLoginViewController.swift */; };
		66230C9826E8BFB5003DFD41 /* LoadingViewController.swift in Sources */ = {isa = PBXBuildFile; fileRef = 66230C9726E8BFB5003DFD41 /* LoadingViewController.swift */; };
		66230C9B26E8CC39003DFD41 /* TaskManager.swift in Sources */ = {isa = PBXBuildFile; fileRef = 66230C9A26E8CC39003DFD41 /* TaskManager.swift */; };
		66230C9E26E8DB93003DFD41 /* AlertViewController.swift in Sources */ = {isa = PBXBuildFile; fileRef = 66230C9D26E8DB93003DFD41 /* AlertViewController.swift */; };
		66230CA026E8DDDC003DFD41 /* ErrorAlertController.swift in Sources */ = {isa = PBXBuildFile; fileRef = 66230C9F26E8DDDC003DFD41 /* ErrorAlertController.swift */; };
		66230CA226E8E35D003DFD41 /* TestViewController.swift in Sources */ = {isa = PBXBuildFile; fileRef = 66230CA126E8E35D003DFD41 /* TestViewController.swift */; };
		66230CA426E8EA25003DFD41 /* MainViewController.swift in Sources */ = {isa = PBXBuildFile; fileRef = 66230CA326E8EA25003DFD41 /* MainViewController.swift */; };
		66230CA726E8FFAF003DFD41 /* Course.swift in Sources */ = {isa = PBXBuildFile; fileRef = 66230CA626E8FFAF003DFD41 /* Course.swift */; };
/* End PBXBuildFile section */

/* Begin PBXFileReference section */
		661FC5BA26E890E200B33983 /* myPoliFile.app */ = {isa = PBXFileReference; explicitFileType = wrapper.application; includeInIndex = 0; path = myPoliFile.app; sourceTree = BUILT_PRODUCTS_DIR; };
		661FC5BD26E890E200B33983 /* AppDelegate.swift */ = {isa = PBXFileReference; lastKnownFileType = sourcecode.swift; path = AppDelegate.swift; sourceTree = "<group>"; };
		661FC5C126E890E200B33983 /* WelcomeViewController.swift */ = {isa = PBXFileReference; lastKnownFileType = sourcecode.swift; path = WelcomeViewController.swift; sourceTree = "<group>"; };
		661FC5C626E890E300B33983 /* Assets.xcassets */ = {isa = PBXFileReference; lastKnownFileType = folder.assetcatalog; path = Assets.xcassets; sourceTree = "<group>"; };
		661FC5C926E890E300B33983 /* Base */ = {isa = PBXFileReference; lastKnownFileType = file.storyboard; name = Base; path = Base.lproj/LaunchScreen.storyboard; sourceTree = "<group>"; };
		661FC5CB26E890E300B33983 /* Info.plist */ = {isa = PBXFileReference; lastKnownFileType = text.plist.xml; path = Info.plist; sourceTree = "<group>"; };
		661FC5D126E890FF00B33983 /* User.swift */ = {isa = PBXFileReference; lastKnownFileType = sourcecode.swift; path = User.swift; sourceTree = "<group>"; };
		661FC5D326E8936500B33983 /* LinkBuilder.swift */ = {isa = PBXFileReference; lastKnownFileType = sourcecode.swift; path = LinkBuilder.swift; sourceTree = "<group>"; };
		66230C8A26E899C2003DFD41 /* WebManager.swift */ = {isa = PBXFileReference; lastKnownFileType = sourcecode.swift; path = WebManager.swift; sourceTree = "<group>"; };
		66230C8D26E8A32C003DFD41 /* BaseViewController.swift */ = {isa = PBXFileReference; lastKnownFileType = sourcecode.swift; path = BaseViewController.swift; sourceTree = "<group>"; };
		66230C8F26E8A3F7003DFD41 /* AppButton.swift */ = {isa = PBXFileReference; lastKnownFileType = sourcecode.swift; path = AppButton.swift; sourceTree = "<group>"; };
		66230C9326E8ABA6003DFD41 /* PreferenceManager.swift */ = {isa = PBXFileReference; lastKnownFileType = sourcecode.swift; path = PreferenceManager.swift; sourceTree = "<group>"; };
		66230C9526E8ADE2003DFD41 /* WebLoginViewController.swift */ = {isa = PBXFileReference; lastKnownFileType = sourcecode.swift; path = WebLoginViewController.swift; sourceTree = "<group>"; };
		66230C9726E8BFB5003DFD41 /* LoadingViewController.swift */ = {isa = PBXFileReference; lastKnownFileType = sourcecode.swift; path = LoadingViewController.swift; sourceTree = "<group>"; };
		66230C9A26E8CC39003DFD41 /* TaskManager.swift */ = {isa = PBXFileReference; lastKnownFileType = sourcecode.swift; path = TaskManager.swift; sourceTree = "<group>"; };
		66230C9D26E8DB93003DFD41 /* AlertViewController.swift */ = {isa = PBXFileReference; lastKnownFileType = sourcecode.swift; path = AlertViewController.swift; sourceTree = "<group>"; };
		66230C9F26E8DDDC003DFD41 /* ErrorAlertController.swift */ = {isa = PBXFileReference; lastKnownFileType = sourcecode.swift; path = ErrorAlertController.swift; sourceTree = "<group>"; };
		66230CA126E8E35D003DFD41 /* TestViewController.swift */ = {isa = PBXFileReference; lastKnownFileType = sourcecode.swift; path = TestViewController.swift; sourceTree = "<group>"; };
		66230CA326E8EA25003DFD41 /* MainViewController.swift */ = {isa = PBXFileReference; lastKnownFileType = sourcecode.swift; path = MainViewController.swift; sourceTree = "<group>"; };
		66230CA626E8FFAF003DFD41 /* Course.swift */ = {isa = PBXFileReference; lastKnownFileType = sourcecode.swift; path = Course.swift; sourceTree = "<group>"; };
/* End PBXFileReference section */

/* Begin PBXFrameworksBuildPhase section */
		661FC5B726E890E200B33983 /* Frameworks */ = {
			isa = PBXFrameworksBuildPhase;
			buildActionMask = 2147483647;
			files = (
			);
			runOnlyForDeploymentPostprocessing = 0;
		};
/* End PBXFrameworksBuildPhase section */

/* Begin PBXGroup section */
		661FC5B126E890E200B33983 = {
			isa = PBXGroup;
			children = (
				661FC5BC26E890E200B33983 /* myPoliFile */,
				661FC5BB26E890E200B33983 /* Products */,
			);
			sourceTree = "<group>";
		};
		661FC5BB26E890E200B33983 /* Products */ = {
			isa = PBXGroup;
			children = (
				661FC5BA26E890E200B33983 /* myPoliFile.app */,
			);
			name = Products;
			sourceTree = "<group>";
		};
		661FC5BC26E890E200B33983 /* myPoliFile */ = {
			isa = PBXGroup;
			children = (
				66230CA526E8FF99003DFD41 /* Models */,
				66230C9C26E8DB75003DFD41 /* Alerts */,
				66230C9926E8CC1F003DFD41 /* Network */,
				66230C9226E8AB43003DFD41 /* UIElements */,
				66230C9126E8AB35003DFD41 /* Welcome&Login */,
				661FC5BD26E890E200B33983 /* AppDelegate.swift */,
				661FC5C626E890E300B33983 /* Assets.xcassets */,
				661FC5C826E890E300B33983 /* LaunchScreen.storyboard */,
				661FC5CB26E890E300B33983 /* Info.plist */,
				66230C9326E8ABA6003DFD41 /* PreferenceManager.swift */,
				66230C9726E8BFB5003DFD41 /* LoadingViewController.swift */,
				66230CA126E8E35D003DFD41 /* TestViewController.swift */,
				66230CA326E8EA25003DFD41 /* MainViewController.swift */,
			);
			path = myPoliFile;
			sourceTree = "<group>";
		};
		66230C9126E8AB35003DFD41 /* Welcome&Login */ = {
			isa = PBXGroup;
			children = (
				661FC5C126E890E200B33983 /* WelcomeViewController.swift */,
				66230C9526E8ADE2003DFD41 /* WebLoginViewController.swift */,
			);
			path = "Welcome&Login";
			sourceTree = "<group>";
		};
		66230C9226E8AB43003DFD41 /* UIElements */ = {
			isa = PBXGroup;
			children = (
				66230C8D26E8A32C003DFD41 /* BaseViewController.swift */,
				66230C8F26E8A3F7003DFD41 /* AppButton.swift */,
				66230C9D26E8DB93003DFD41 /* AlertViewController.swift */,
			);
			path = UIElements;
			sourceTree = "<group>";
		};
		66230C9926E8CC1F003DFD41 /* Network */ = {
			isa = PBXGroup;
			children = (
				661FC5D326E8936500B33983 /* LinkBuilder.swift */,
				66230C8A26E899C2003DFD41 /* WebManager.swift */,
				66230C9A26E8CC39003DFD41 /* TaskManager.swift */,
			);
			path = Network;
			sourceTree = "<group>";
		};
		66230C9C26E8DB75003DFD41 /* Alerts */ = {
			isa = PBXGroup;
			children = (
				66230C9F26E8DDDC003DFD41 /* ErrorAlertController.swift */,
			);
			path = Alerts;
			sourceTree = "<group>";
		};
		66230CA526E8FF99003DFD41 /* Models */ = {
			isa = PBXGroup;
			children = (
				661FC5D126E890FF00B33983 /* User.swift */,
				66230CA626E8FFAF003DFD41 /* Course.swift */,
			);
			path = Models;
			sourceTree = "<group>";
		};
/* End PBXGroup section */

/* Begin PBXNativeTarget section */
		661FC5B926E890E200B33983 /* myPoliFile */ = {
			isa = PBXNativeTarget;
			buildConfigurationList = 661FC5CE26E890E300B33983 /* Build configuration list for PBXNativeTarget "myPoliFile" */;
			buildPhases = (
				661FC5B626E890E200B33983 /* Sources */,
				661FC5B726E890E200B33983 /* Frameworks */,
				661FC5B826E890E200B33983 /* Resources */,
			);
			buildRules = (
			);
			dependencies = (
			);
			name = myPoliFile;
			productName = myPoliFile;
			productReference = 661FC5BA26E890E200B33983 /* myPoliFile.app */;
			productType = "com.apple.product-type.application";
		};
/* End PBXNativeTarget section */

/* Begin PBXProject section */
		661FC5B226E890E200B33983 /* Project object */ = {
			isa = PBXProject;
			attributes = {
				LastSwiftUpdateCheck = 1250;
				LastUpgradeCheck = 1250;
				TargetAttributes = {
					661FC5B926E890E200B33983 = {
						CreatedOnToolsVersion = 12.5.1;
					};
				};
			};
			buildConfigurationList = 661FC5B526E890E200B33983 /* Build configuration list for PBXProject "myPoliFile" */;
			compatibilityVersion = "Xcode 9.3";
			developmentRegion = en;
			hasScannedForEncodings = 0;
			knownRegions = (
				en,
				Base,
			);
			mainGroup = 661FC5B126E890E200B33983;
			productRefGroup = 661FC5BB26E890E200B33983 /* Products */;
			projectDirPath = "";
			projectRoot = "";
			targets = (
				661FC5B926E890E200B33983 /* myPoliFile */,
			);
		};
/* End PBXProject section */

/* Begin PBXResourcesBuildPhase section */
		661FC5B826E890E200B33983 /* Resources */ = {
			isa = PBXResourcesBuildPhase;
			buildActionMask = 2147483647;
			files = (
				661FC5CA26E890E300B33983 /* LaunchScreen.storyboard in Resources */,
				661FC5C726E890E300B33983 /* Assets.xcassets in Resources */,
			);
			runOnlyForDeploymentPostprocessing = 0;
		};
/* End PBXResourcesBuildPhase section */

/* Begin PBXSourcesBuildPhase section */
		661FC5B626E890E200B33983 /* Sources */ = {
			isa = PBXSourcesBuildPhase;
			buildActionMask = 2147483647;
			files = (
				66230CA226E8E35D003DFD41 /* TestViewController.swift in Sources */,
				66230C9026E8A3F7003DFD41 /* AppButton.swift in Sources */,
				661FC5D226E890FF00B33983 /* User.swift in Sources */,
				661FC5D426E8936500B33983 /* LinkBuilder.swift in Sources */,
				66230C9B26E8CC39003DFD41 /* TaskManager.swift in Sources */,
				66230C9626E8ADE2003DFD41 /* WebLoginViewController.swift in Sources */,
				661FC5C226E890E200B33983 /* WelcomeViewController.swift in Sources */,
				66230C9426E8ABA6003DFD41 /* PreferenceManager.swift in Sources */,
				66230CA726E8FFAF003DFD41 /* Course.swift in Sources */,
				66230C9E26E8DB93003DFD41 /* AlertViewController.swift in Sources */,
				66230CA426E8EA25003DFD41 /* MainViewController.swift in Sources */,
				661FC5BE26E890E200B33983 /* AppDelegate.swift in Sources */,
				66230C9826E8BFB5003DFD41 /* LoadingViewController.swift in Sources */,
				66230C8B26E899C2003DFD41 /* WebManager.swift in Sources */,
				66230CA026E8DDDC003DFD41 /* ErrorAlertController.swift in Sources */,
				66230C8E26E8A32C003DFD41 /* BaseViewController.swift in Sources */,
			);
			runOnlyForDeploymentPostprocessing = 0;
		};
/* End PBXSourcesBuildPhase section */

/* Begin PBXVariantGroup section */
		661FC5C826E890E300B33983 /* LaunchScreen.storyboard */ = {
			isa = PBXVariantGroup;
			children = (
				661FC5C926E890E300B33983 /* Base */,
			);
			name = LaunchScreen.storyboard;
			sourceTree = "<group>";
		};
/* End PBXVariantGroup section */

/* Begin XCBuildConfiguration section */
		661FC5CC26E890E300B33983 /* Debug */ = {
			isa = XCBuildConfiguration;
			buildSettings = {
				ALWAYS_SEARCH_USER_PATHS = NO;
				CLANG_ANALYZER_NONNULL = YES;
				CLANG_ANALYZER_NUMBER_OBJECT_CONVERSION = YES_AGGRESSIVE;
				CLANG_CXX_LANGUAGE_STANDARD = "gnu++14";
				CLANG_CXX_LIBRARY = "libc++";
				CLANG_ENABLE_MODULES = YES;
				CLANG_ENABLE_OBJC_ARC = YES;
				CLANG_ENABLE_OBJC_WEAK = YES;
				CLANG_WARN_BLOCK_CAPTURE_AUTORELEASING = YES;
				CLANG_WARN_BOOL_CONVERSION = YES;
				CLANG_WARN_COMMA = YES;
				CLANG_WARN_CONSTANT_CONVERSION = YES;
				CLANG_WARN_DEPRECATED_OBJC_IMPLEMENTATIONS = YES;
				CLANG_WARN_DIRECT_OBJC_ISA_USAGE = YES_ERROR;
				CLANG_WARN_DOCUMENTATION_COMMENTS = YES;
				CLANG_WARN_EMPTY_BODY = YES;
				CLANG_WARN_ENUM_CONVERSION = YES;
				CLANG_WARN_INFINITE_RECURSION = YES;
				CLANG_WARN_INT_CONVERSION = YES;
				CLANG_WARN_NON_LITERAL_NULL_CONVERSION = YES;
				CLANG_WARN_OBJC_IMPLICIT_RETAIN_SELF = YES;
				CLANG_WARN_OBJC_LITERAL_CONVERSION = YES;
				CLANG_WARN_OBJC_ROOT_CLASS = YES_ERROR;
				CLANG_WARN_QUOTED_INCLUDE_IN_FRAMEWORK_HEADER = YES;
				CLANG_WARN_RANGE_LOOP_ANALYSIS = YES;
				CLANG_WARN_STRICT_PROTOTYPES = YES;
				CLANG_WARN_SUSPICIOUS_MOVE = YES;
				CLANG_WARN_UNGUARDED_AVAILABILITY = YES_AGGRESSIVE;
				CLANG_WARN_UNREACHABLE_CODE = YES;
				CLANG_WARN__DUPLICATE_METHOD_MATCH = YES;
				COPY_PHASE_STRIP = NO;
				DEBUG_INFORMATION_FORMAT = dwarf;
				ENABLE_STRICT_OBJC_MSGSEND = YES;
				ENABLE_TESTABILITY = YES;
				GCC_C_LANGUAGE_STANDARD = gnu11;
				GCC_DYNAMIC_NO_PIC = NO;
				GCC_NO_COMMON_BLOCKS = YES;
				GCC_OPTIMIZATION_LEVEL = 0;
				GCC_PREPROCESSOR_DEFINITIONS = (
					"DEBUG=1",
					"$(inherited)",
				);
				GCC_WARN_64_TO_32_BIT_CONVERSION = YES;
				GCC_WARN_ABOUT_RETURN_TYPE = YES_ERROR;
				GCC_WARN_UNDECLARED_SELECTOR = YES;
				GCC_WARN_UNINITIALIZED_AUTOS = YES_AGGRESSIVE;
				GCC_WARN_UNUSED_FUNCTION = YES;
				GCC_WARN_UNUSED_VARIABLE = YES;
				IPHONEOS_DEPLOYMENT_TARGET = 14.5;
				MTL_ENABLE_DEBUG_INFO = INCLUDE_SOURCE;
				MTL_FAST_MATH = YES;
				ONLY_ACTIVE_ARCH = YES;
				SDKROOT = iphoneos;
				SWIFT_ACTIVE_COMPILATION_CONDITIONS = DEBUG;
				SWIFT_OPTIMIZATION_LEVEL = "-Onone";
			};
			name = Debug;
		};
		661FC5CD26E890E300B33983 /* Release */ = {
			isa = XCBuildConfiguration;
			buildSettings = {
				ALWAYS_SEARCH_USER_PATHS = NO;
				CLANG_ANALYZER_NONNULL = YES;
				CLANG_ANALYZER_NUMBER_OBJECT_CONVERSION = YES_AGGRESSIVE;
				CLANG_CXX_LANGUAGE_STANDARD = "gnu++14";
				CLANG_CXX_LIBRARY = "libc++";
				CLANG_ENABLE_MODULES = YES;
				CLANG_ENABLE_OBJC_ARC = YES;
				CLANG_ENABLE_OBJC_WEAK = YES;
				CLANG_WARN_BLOCK_CAPTURE_AUTORELEASING = YES;
				CLANG_WARN_BOOL_CONVERSION = YES;
				CLANG_WARN_COMMA = YES;
				CLANG_WARN_CONSTANT_CONVERSION = YES;
				CLANG_WARN_DEPRECATED_OBJC_IMPLEMENTATIONS = YES;
				CLANG_WARN_DIRECT_OBJC_ISA_USAGE = YES_ERROR;
				CLANG_WARN_DOCUMENTATION_COMMENTS = YES;
				CLANG_WARN_EMPTY_BODY = YES;
				CLANG_WARN_ENUM_CONVERSION = YES;
				CLANG_WARN_INFINITE_RECURSION = YES;
				CLANG_WARN_INT_CONVERSION = YES;
				CLANG_WARN_NON_LITERAL_NULL_CONVERSION = YES;
				CLANG_WARN_OBJC_IMPLICIT_RETAIN_SELF = YES;
				CLANG_WARN_OBJC_LITERAL_CONVERSION = YES;
				CLANG_WARN_OBJC_ROOT_CLASS = YES_ERROR;
				CLANG_WARN_QUOTED_INCLUDE_IN_FRAMEWORK_HEADER = YES;
				CLANG_WARN_RANGE_LOOP_ANALYSIS = YES;
				CLANG_WARN_STRICT_PROTOTYPES = YES;
				CLANG_WARN_SUSPICIOUS_MOVE = YES;
				CLANG_WARN_UNGUARDED_AVAILABILITY = YES_AGGRESSIVE;
				CLANG_WARN_UNREACHABLE_CODE = YES;
				CLANG_WARN__DUPLICATE_METHOD_MATCH = YES;
				COPY_PHASE_STRIP = NO;
				DEBUG_INFORMATION_FORMAT = "dwarf-with-dsym";
				ENABLE_NS_ASSERTIONS = NO;
				ENABLE_STRICT_OBJC_MSGSEND = YES;
				GCC_C_LANGUAGE_STANDARD = gnu11;
				GCC_NO_COMMON_BLOCKS = YES;
				GCC_WARN_64_TO_32_BIT_CONVERSION = YES;
				GCC_WARN_ABOUT_RETURN_TYPE = YES_ERROR;
				GCC_WARN_UNDECLARED_SELECTOR = YES;
				GCC_WARN_UNINITIALIZED_AUTOS = YES_AGGRESSIVE;
				GCC_WARN_UNUSED_FUNCTION = YES;
				GCC_WARN_UNUSED_VARIABLE = YES;
				IPHONEOS_DEPLOYMENT_TARGET = 14.5;
				MTL_ENABLE_DEBUG_INFO = NO;
				MTL_FAST_MATH = YES;
				SDKROOT = iphoneos;
				SWIFT_COMPILATION_MODE = wholemodule;
				SWIFT_OPTIMIZATION_LEVEL = "-O";
				VALIDATE_PRODUCT = YES;
			};
			name = Release;
		};
		661FC5CF26E890E300B33983 /* Debug */ = {
			isa = XCBuildConfiguration;
			buildSettings = {
				ASSETCATALOG_COMPILER_APPICON_NAME = AppIcon;
				ASSETCATALOG_COMPILER_GLOBAL_ACCENT_COLOR_NAME = AccentColor;
				CODE_SIGN_STYLE = Automatic;
				DEVELOPMENT_TEAM = 2FE7MP24X8;
				INFOPLIST_FILE = myPoliFile/Info.plist;
				IPHONEOS_DEPLOYMENT_TARGET = 11.0;
				LD_RUNPATH_SEARCH_PATHS = (
					"$(inherited)",
					"@executable_path/Frameworks",
				);
				PRODUCT_BUNDLE_IDENTIFIER = it.matteovisotto.myPoliFile;
				PRODUCT_NAME = "$(TARGET_NAME)";
				SWIFT_VERSION = 5.0;
				TARGETED_DEVICE_FAMILY = 1;
			};
			name = Debug;
		};
		661FC5D026E890E300B33983 /* Release */ = {
			isa = XCBuildConfiguration;
			buildSettings = {
				ASSETCATALOG_COMPILER_APPICON_NAME = AppIcon;
				ASSETCATALOG_COMPILER_GLOBAL_ACCENT_COLOR_NAME = AccentColor;
				CODE_SIGN_STYLE = Automatic;
				DEVELOPMENT_TEAM = 2FE7MP24X8;
				INFOPLIST_FILE = myPoliFile/Info.plist;
				IPHONEOS_DEPLOYMENT_TARGET = 11.0;
				LD_RUNPATH_SEARCH_PATHS = (
					"$(inherited)",
					"@executable_path/Frameworks",
				);
				PRODUCT_BUNDLE_IDENTIFIER = it.matteovisotto.myPoliFile;
				PRODUCT_NAME = "$(TARGET_NAME)";
				SWIFT_VERSION = 5.0;
				TARGETED_DEVICE_FAMILY = 1;
			};
			name = Release;
		};
/* End XCBuildConfiguration section */

/* Begin XCConfigurationList section */
		661FC5B526E890E200B33983 /* Build configuration list for PBXProject "myPoliFile" */ = {
			isa = XCConfigurationList;
			buildConfigurations = (
				661FC5CC26E890E300B33983 /* Debug */,
				661FC5CD26E890E300B33983 /* Release */,
			);
			defaultConfigurationIsVisible = 0;
			defaultConfigurationName = Release;
		};
		661FC5CE26E890E300B33983 /* Build configuration list for PBXNativeTarget "myPoliFile" */ = {
			isa = XCConfigurationList;
			buildConfigurations = (
				661FC5CF26E890E300B33983 /* Debug */,
				661FC5D026E890E300B33983 /* Release */,
			);
			defaultConfigurationIsVisible = 0;
			defaultConfigurationName = Release;
		};
/* End XCConfigurationList section */
	};
	rootObject = 661FC5B226E890E200B33983 /* Project object */;
}
